PODS:
  - Action (4.2.0):
    - RxCocoa (< 7.0, >= 5.0)
    - RxSwift (< 7.0, >= 5.0)
  - Alamofire (5.3.0)
  - anim (1.2.10)
  - BEMCheckBox (1.4.1)
  - Differentiator (4.0.1)
  - HMSegmentedControl (1.5.6)
  - Hue (5.0.0)
  - Kingfisher (5.15.7):
    - Kingfisher/Core (= 5.15.7)
  - Kingfisher/Core (5.15.7)
  - MJRefresh (3.5.0)
  - NVActivityIndicatorView (5.1.1):
    - NVActivityIndicatorView/Base (= 5.1.1)
  - NVActivityIndicatorView/Base (5.1.1)
  - ObjectMapper (4.2.0)
  - RxCocoa (5.1.1):
    - RxRelay (~> 5)
    - RxSwift (~> 5)
  - RxDataSources (4.0.1):
    - Differentiator (~> 4.0)
    - RxCocoa (~> 5.0)
    - RxSwift (~> 5.0)
  - RxRelay (5.1.1):
    - RxSwift (~> 5)
  - RxSwift (5.1.1)
  - RxSwiftExt (5.2.0):
    - RxSwiftExt/Core (= 5.2.0)
    - RxSwiftExt/RxCocoa (= 5.2.0)
  - RxSwiftExt/Core (5.2.0):
    - RxSwift (~> 5.0)
  - RxSwiftExt/RxCocoa (5.2.0):
    - RxCocoa (~> 5.0)
    - RxSwiftExt/Core
  - SnapKit (5.0.1)
  - SwiftMessages (9.0.5):
    - SwiftMessages/App (= 9.0.5)
  - SwiftMessages/App (9.0.5)
  - SwiftyJSON (4.3.0)
  - ViewAnimator (3.0.1)

DEPENDENCIES:
  - Action (= 4.2.0)
  - Alamofire (= 5.3.0)
  - anim (= 1.2.10)
  - BEMCheckBox (= 1.4.1)
  - HMSegmentedControl (= 1.5.6)
  - Hue (= 5.0.0)
  - Kingfisher (= 5.15.7)
  - MJRefresh (= 3.5.0)
  - NVActivityIndicatorView (= 5.1.1)
  - ObjectMapper (= 4.2.0)
  - RxCocoa (= 5.1.1)
  - RxDataSources (= 4.0.1)
  - RxRelay (= 5.1.1)
  - RxSwift (= 5.1.1)
  - RxSwiftExt (= 5.2.0)
  - SnapKit (= 5.0.1)
  - SwiftMessages (= 9.0.5)
  - SwiftyJSON (= 4.3.0)
  - ViewAnimator (= 3.0.1)

SPEC REPOS:
  trunk:
    - Action
    - Alamofire
    - anim
    - BEMCheckBox
    - Differentiator
    - HMSegmentedControl
    - Hue
    - Kingfisher
    - MJRefresh
    - NVActivityIndicatorView
    - ObjectMapper
    - RxCocoa
    - RxDataSources
    - RxRelay
    - RxSwift
    - RxSwiftExt
    - SnapKit
    - SwiftMessages
    - SwiftyJSON
    - ViewAnimator

SPEC CHECKSUMS:
  Action: 5dc2194f7a0b77857c82a677b0da655f197c005f
  Alamofire: 2c792affbdc2f18016e08fdbcacd60aebe1ba593
  anim: 8603b8aa9f20c26fb04bfc94967f0e942687938d
  BEMCheckBox: 5ba6e37ade3d3657b36caecc35c8b75c6c2b1a4e
  Differentiator: 886080237d9f87f322641dedbc5be257061b0602
  HMSegmentedControl: 34c1f54d822d8308e7b24f5d901ec674dfa31352
  Hue: c129cb67be7d093a82bbbc30ce8a96757bf6f37a
  Kingfisher: 6e1a13523fcb1c86924ce53affe4ac957e544d59
  MJRefresh: 6afc955813966afb08305477dd7a0d9ad5e79a16
  NVActivityIndicatorView: 1f6c5687f1171810aa27a3296814dc2d7dec3667
  ObjectMapper: 1eb41f610210777375fa806bf161dc39fb832b81
  RxCocoa: 32065309a38d29b5b0db858819b5bf9ef038b601
  RxDataSources: efee07fa4de48477eca0a4611e6d11e2da9c1114
  RxRelay: d77f7d771495f43c556cbc43eebd1bb54d01e8e9
  RxSwift: 81470a2074fa8780320ea5fe4102807cb7118178
  RxSwiftExt: 4ca80336f43c28f11a2825cdd2fc61dd6c044697
  SnapKit: 97b92857e3df3a0c71833cce143274bf6ef8e5eb
  SwiftMessages: 9cca50659fa22bb523b4dd2a958d4442e843a354
  SwiftyJSON: 6faa0040f8b59dead0ee07436cbf76b73c08fd08
  ViewAnimator: dd18d2f5c1e472f78d0065ff92750fe56cbd2f39

PODFILE CHECKSUM: 26a6a871042fa8ee73477874069094ebde43ffdf

COCOAPODS: 1.11.2
