PODS:
  - Alamofire (5.3.0)
  - HMSegmentedControl (1.5.6)
  - Hue (5.0.0)
  - SnapKit (5.0.1)
  - SwiftyJSON (4.3.0)

DEPENDENCIES:
  - Alamofire (= 5.3.0)
  - HMSegmentedControl (= 1.5.6)
  - Hue (= 5.0.0)
  - SnapKit (= 5.0.1)
  - SwiftyJSON (= 4.3.0)

SPEC REPOS:
  https://github.com/CocoaPods/Specs.git:
    - Alamofire
    - HMSegmentedControl
    - Hue
    - SnapKit
    - SwiftyJSON

SPEC CHECKSUMS:
  Alamofire: 2c792affbdc2f18016e08fdbcacd60aebe1ba593
  HMSegmentedControl: 34c1f54d822d8308e7b24f5d901ec674dfa31352
  Hue: c129cb67be7d093a82bbbc30ce8a96757bf6f37a
  SnapKit: 97b92857e3df3a0c71833cce143274bf6ef8e5eb
  SwiftyJSON: 6faa0040f8b59dead0ee07436cbf76b73c08fd08

PODFILE CHECKSUM: 3116e7a3a108bfede68ceeab19c425b04d21605c

COCOAPODS: 1.6.1
