// !$*UTF8*$!
{
	archiveVersion = 1;
	classes = {
	};
	objectVersion = 50;
	objects = {

/* Begin PBXBuildFile section */
		14009AFC2575D69200C70E6E /* HomeViewController.swift in Sources */ = {isa = PBXBuildFile; fileRef = 14009AFB2575D69200C70E6E /* HomeViewController.swift */; };
		14009B032575D86700C70E6E /* PhotoInfoCameraSettingsView.swift in Sources */ = {isa = PBXBuildFile; fileRef = 14009B022575D86700C70E6E /* PhotoInfoCameraSettingsView.swift */; };
		14009C712575E7E100C70E6E /* PhotoInfoViewModel.swift in Sources */ = {isa = PBXBuildFile; fileRef = 14009C702575E7E100C70E6E /* PhotoInfoViewModel.swift */; };
		14009C75257607C300C70E6E /* PageTitleView.swift in Sources */ = {isa = PBXBuildFile; fileRef = 14009C74257607C300C70E6E /* PageTitleView.swift */; };
		14009C7A257610E000C70E6E /* PhotoInfoStatisticsView.swift in Sources */ = {isa = PBXBuildFile; fileRef = 14009C79257610E000C70E6E /* PhotoInfoStatisticsView.swift */; };
		14009CA525775E6D00C70E6E /* StatistizePhotoRequest.swift in Sources */ = {isa = PBXBuildFile; fileRef = 14009CA425775E6D00C70E6E /* StatistizePhotoRequest.swift */; };
		14009CA92577604B00C70E6E /* StatisticizePhotoResponse.swift in Sources */ = {isa = PBXBuildFile; fileRef = 14009CA82577604B00C70E6E /* StatisticizePhotoResponse.swift */; };
		14009CAC2577625000C70E6E /* StatisticsIndicator.swift in Sources */ = {isa = PBXBuildFile; fileRef = 14009CAB2577625000C70E6E /* StatisticsIndicator.swift */; };
		14009CAF2577629500C70E6E /* Historical.swift in Sources */ = {isa = PBXBuildFile; fileRef = 14009CAE2577629500C70E6E /* Historical.swift */; };
		14009CB2257762C600C70E6E /* HistoricalValue.swift in Sources */ = {isa = PBXBuildFile; fileRef = 14009CB1257762C600C70E6E /* HistoricalValue.swift */; };
		14009CB6257775F800C70E6E /* Statistics.swift in Sources */ = {isa = PBXBuildFile; fileRef = 14009CB5257775F800C70E6E /* Statistics.swift */; };
		14014CEF2581BE1B00746563 /* AuthError.swift in Sources */ = {isa = PBXBuildFile; fileRef = 14014CEE2581BE1B00746563 /* AuthError.swift */; };
		14014DEE2581C46300746563 /* AuthCredential.swift in Sources */ = {isa = PBXBuildFile; fileRef = 14014DED2581C46300746563 /* AuthCredential.swift */; };
		1401547A25831BF600746563 /* CollectionService.swift in Sources */ = {isa = PBXBuildFile; fileRef = 1401547925831BF600746563 /* CollectionService.swift */; };
		1401547E25831ED900746563 /* CreateCollectionRequest.swift in Sources */ = {isa = PBXBuildFile; fileRef = 1401547D25831ED900746563 /* CreateCollectionRequest.swift */; };
		1401548125831FEA00746563 /* CreateCollectionResponse.swift in Sources */ = {isa = PBXBuildFile; fileRef = 1401548025831FEA00746563 /* CreateCollectionResponse.swift */; };
		140158FE258388EF00746563 /* MessageCenter.swift in Sources */ = {isa = PBXBuildFile; fileRef = 140158FD258388EF00746563 /* MessageCenter.swift */; };
		1406E9E2257A02530096DE82 /* FloatBlockButton.swift in Sources */ = {isa = PBXBuildFile; fileRef = 1406E9E1257A02530096DE82 /* FloatBlockButton.swift */; };
		1406E9E5257A04370096DE82 /* CALayer+SketchShadow.swift in Sources */ = {isa = PBXBuildFile; fileRef = 1406E9E4257A04370096DE82 /* CALayer+SketchShadow.swift */; };
		1406E9E8257A04EF0096DE82 /* PhotoShareViewController.swift in Sources */ = {isa = PBXBuildFile; fileRef = 1406E9E7257A04EF0096DE82 /* PhotoShareViewController.swift */; };
		1406E9EB257A05CF0096DE82 /* PhotoShareSMView.swift in Sources */ = {isa = PBXBuildFile; fileRef = 1406E9EA257A05CF0096DE82 /* PhotoShareSMView.swift */; };
		1406E9EE257A0E050096DE82 /* PhotoShareUrlView.swift in Sources */ = {isa = PBXBuildFile; fileRef = 1406E9ED257A0E050096DE82 /* PhotoShareUrlView.swift */; };
		1406E9F1257A11A20096DE82 /* PhotoShareViewModel.swift in Sources */ = {isa = PBXBuildFile; fileRef = 1406E9F0257A11A20096DE82 /* PhotoShareViewModel.swift */; };
		1406EADF257A5B9F0096DE82 /* PhotoAddToCollectionViewController.swift in Sources */ = {isa = PBXBuildFile; fileRef = 1406EADE257A5B9F0096DE82 /* PhotoAddToCollectionViewController.swift */; };
		1406EAF2257A5C640096DE82 /* AddToCollectionTableViewCell.swift in Sources */ = {isa = PBXBuildFile; fileRef = 1406EAF1257A5C640096DE82 /* AddToCollectionTableViewCell.swift */; };
		14071AFB2564CB2100D418C8 /* PreviewPhoto.swift in Sources */ = {isa = PBXBuildFile; fileRef = 14071AFA2564CB2100D418C8 /* PreviewPhoto.swift */; };
		14071B0E256549F000D418C8 /* Exif.swift in Sources */ = {isa = PBXBuildFile; fileRef = 14071B0D256549F000D418C8 /* Exif.swift */; };
		14071B1125654A4900D418C8 /* Location.swift in Sources */ = {isa = PBXBuildFile; fileRef = 14071B1025654A4900D418C8 /* Location.swift */; };
		14071B1425654AF500D418C8 /* Position.swift in Sources */ = {isa = PBXBuildFile; fileRef = 14071B1325654AF500D418C8 /* Position.swift */; };
		14071B182565FD1C00D418C8 /* PhotoListViewModel.swift in Sources */ = {isa = PBXBuildFile; fileRef = 14071B172565FD1C00D418C8 /* PhotoListViewModel.swift */; };
		140912FC2571333800EEC157 /* BaseScrollView.swift in Sources */ = {isa = PBXBuildFile; fileRef = 140912FB2571333800EEC157 /* BaseScrollView.swift */; };
		1409A7972550EAAB0005B702 /* BaseView.swift in Sources */ = {isa = PBXBuildFile; fileRef = 1409A7962550EAAB0005B702 /* BaseView.swift */; };
		14104916255D34AE003312BC /* PhotoDetailsViewController.swift in Sources */ = {isa = PBXBuildFile; fileRef = 14104915255D34AE003312BC /* PhotoDetailsViewController.swift */; };
		1410491C255D3686003312BC /* SceneTransition.swift in Sources */ = {isa = PBXBuildFile; fileRef = 1410491B255D3686003312BC /* SceneTransition.swift */; };
		14104920255D4944003312BC /* BaseNavigationController.swift in Sources */ = {isa = PBXBuildFile; fileRef = 1410491F255D4944003312BC /* BaseNavigationController.swift */; };
		14104925255D49A5003312BC /* MTNavigationController.swift in Sources */ = {isa = PBXBuildFile; fileRef = 14104924255D49A5003312BC /* MTNavigationController.swift */; };
		14109A9D25620B150094BDA7 /* MTTextField.swift in Sources */ = {isa = PBXBuildFile; fileRef = 14109A9C25620B150094BDA7 /* MTTextField.swift */; };
		141591D0255E53FE00179ED5 /* BaseCoordinator.swift in Sources */ = {isa = PBXBuildFile; fileRef = 141591CF255E53FE00179ED5 /* BaseCoordinator.swift */; };
		1420AC16258B3D2C0095FD2E /* SceneCoordinator+Factory.swift in Sources */ = {isa = PBXBuildFile; fileRef = 1420AC15258B3D2C0095FD2E /* SceneCoordinator+Factory.swift */; };
		1420B298258B72420095FD2E /* UIImage+Reformat.swift in Sources */ = {isa = PBXBuildFile; fileRef = 1420B297258B72410095FD2E /* UIImage+Reformat.swift */; };
		1420B2B0258B7F4C0095FD2E /* CapsuleView.swift in Sources */ = {isa = PBXBuildFile; fileRef = 1420B2AF258B7F4C0095FD2E /* CapsuleView.swift */; };
		1420B2B5258B916C0095FD2E /* Sponsorship.swift in Sources */ = {isa = PBXBuildFile; fileRef = 1420B2B4258B916C0095FD2E /* Sponsorship.swift */; };
		1423A4DD254BA121009DEEA1 /* BaseViewController.swift in Sources */ = {isa = PBXBuildFile; fileRef = 1423A4DC254BA121009DEEA1 /* BaseViewController.swift */; };
		142840342564BA2E004C06DF /* TopicService.swift in Sources */ = {isa = PBXBuildFile; fileRef = 142840332564BA2E004C06DF /* TopicService.swift */; };
		142840372564BACE004C06DF /* ListTopicsRequest.swift in Sources */ = {isa = PBXBuildFile; fileRef = 142840362564BACE004C06DF /* ListTopicsRequest.swift */; };
		1428403A2564BBB1004C06DF /* ListTopicsResponse.swift in Sources */ = {isa = PBXBuildFile; fileRef = 142840392564BBB1004C06DF /* ListTopicsResponse.swift */; };
		1428403E2564BC56004C06DF /* Topic.swift in Sources */ = {isa = PBXBuildFile; fileRef = 1428403D2564BC56004C06DF /* Topic.swift */; };
		142BCC982566374C00B7FB06 /* Array+Find.swift in Sources */ = {isa = PBXBuildFile; fileRef = 142BCC972566374C00B7FB06 /* Array+Find.swift */; };
		142BD867259897ED0097F5AC /* PhotoInfoViewController.swift in Sources */ = {isa = PBXBuildFile; fileRef = 142BD866259897ED0097F5AC /* PhotoInfoViewController.swift */; };
		143114C1255A788D00991676 /* SearchPhotosViewModel.swift in Sources */ = {isa = PBXBuildFile; fileRef = 143114C0255A788D00991676 /* SearchPhotosViewModel.swift */; };
		143114CC255A794600991676 /* Links.swift in Sources */ = {isa = PBXBuildFile; fileRef = 143114CB255A794600991676 /* Links.swift */; };
		143114D1255A797A00991676 /* ProfileImage.swift in Sources */ = {isa = PBXBuildFile; fileRef = 143114D0255A797A00991676 /* ProfileImage.swift */; };
		143114D5255A799A00991676 /* User.swift in Sources */ = {isa = PBXBuildFile; fileRef = 143114D4255A799A00991676 /* User.swift */; };
		143114D8255A79D000991676 /* URLs.swift in Sources */ = {isa = PBXBuildFile; fileRef = 143114D7255A79D000991676 /* URLs.swift */; };
		143114DF255AA6D400991676 /* ListPhotosRequest.swift in Sources */ = {isa = PBXBuildFile; fileRef = 143114DE255AA6D300991676 /* ListPhotosRequest.swift */; };
		1433B8E32561190100FE9B1D /* PhotoListHeaderView.swift in Sources */ = {isa = PBXBuildFile; fileRef = 1433B8E22561190100FE9B1D /* PhotoListHeaderView.swift */; };
		1433B8E92561270700FE9B1D /* InterfaceGlobalVars.swift in Sources */ = {isa = PBXBuildFile; fileRef = 1433B8E82561270700FE9B1D /* InterfaceGlobalVars.swift */; };
		143F5678254FEA040038761D /* PhotoListViewController.swift in Sources */ = {isa = PBXBuildFile; fileRef = 143F5677254FEA040038761D /* PhotoListViewController.swift */; };
		143F567B254FEF320038761D /* PhotoListJumbotronView.swift in Sources */ = {isa = PBXBuildFile; fileRef = 143F567A254FEF320038761D /* PhotoListJumbotronView.swift */; };
		143FB13F255B859F00D24248 /* ListPhotosResponse.swift in Sources */ = {isa = PBXBuildFile; fileRef = 143FB13E255B859F00D24248 /* ListPhotosResponse.swift */; };
		1441D8042591C2A7000D49D1 /* GetMineProfileRequest.swift in Sources */ = {isa = PBXBuildFile; fileRef = 1441D8032591C2A7000D49D1 /* GetMineProfileRequest.swift */; };
		1441D8092591C319000D49D1 /* GetMineProfileResponse.swift in Sources */ = {isa = PBXBuildFile; fileRef = 1441D8082591C319000D49D1 /* GetMineProfileResponse.swift */; };
		14621CB32587546A00446F5F /* RemoveFromCollectionRequest.swift in Sources */ = {isa = PBXBuildFile; fileRef = 14621CB22587546A00446F5F /* RemoveFromCollectionRequest.swift */; };
		14621CB62587549D00446F5F /* RemoveFromCollectionResponse.swift in Sources */ = {isa = PBXBuildFile; fileRef = 14621CB52587549D00446F5F /* RemoveFromCollectionResponse.swift */; };
		1483210B2588DFDE00097F85 /* LikePhotoRequest.swift in Sources */ = {isa = PBXBuildFile; fileRef = 1483210A2588DFDE00097F85 /* LikePhotoRequest.swift */; };
		148321232588E01B00097F85 /* LikePhotoResponse.swift in Sources */ = {isa = PBXBuildFile; fileRef = 148321222588E01B00097F85 /* LikePhotoResponse.swift */; };
		148321262588E04700097F85 /* UnlikePhotoResponse.swift in Sources */ = {isa = PBXBuildFile; fileRef = 148321252588E04700097F85 /* UnlikePhotoResponse.swift */; };
		148321292588E06000097F85 /* UnlikePhotoRequest.swift in Sources */ = {isa = PBXBuildFile; fileRef = 148321282588E06000097F85 /* UnlikePhotoRequest.swift */; };
		14842C69257DCF7C00364FFF /* UserService.swift in Sources */ = {isa = PBXBuildFile; fileRef = 14842C68257DCF7C00364FFF /* UserService.swift */; };
		14842C6C257DD00300364FFF /* ListUserCollectionsRequest.swift in Sources */ = {isa = PBXBuildFile; fileRef = 14842C6B257DD00300364FFF /* ListUserCollectionsRequest.swift */; };
		14842C70257DD08100364FFF /* ListUserCollectionsResponse.swift in Sources */ = {isa = PBXBuildFile; fileRef = 14842C6F257DD08100364FFF /* ListUserCollectionsResponse.swift */; };
		14842C75257DD1A200364FFF /* Collection.swift in Sources */ = {isa = PBXBuildFile; fileRef = 14842C74257DD1A200364FFF /* Collection.swift */; };
		14842D4D257DD3F200364FFF /* PhotoAddToCollectionViewModel.swift in Sources */ = {isa = PBXBuildFile; fileRef = 14842D4C257DD3F200364FFF /* PhotoAddToCollectionViewModel.swift */; };
		14842D51257DF5E900364FFF /* UIView+Border.swift in Sources */ = {isa = PBXBuildFile; fileRef = 14842D50257DF5E900364FFF /* UIView+Border.swift */; };
		14842E32257E003100364FFF /* PhotoCreateCollectionViewController.swift in Sources */ = {isa = PBXBuildFile; fileRef = 14842E31257E003100364FFF /* PhotoCreateCollectionViewController.swift */; };
		14842E35257E0F6300364FFF /* PhotoCreateCollectionViewModel.swift in Sources */ = {isa = PBXBuildFile; fileRef = 14842E34257E0F6300364FFF /* PhotoCreateCollectionViewModel.swift */; };
		148ED1E925591DBF0000146E /* PhotoCollectionViewCell.swift in Sources */ = {isa = PBXBuildFile; fileRef = 148ED1E825591DBF0000146E /* PhotoCollectionViewCell.swift */; };
		148FF23B255237A600CADB4C /* Localizable.strings in Resources */ = {isa = PBXBuildFile; fileRef = 148FF23D255237A600CADB4C /* Localizable.strings */; };
		149325052585FB34006EB8E3 /* AddToCollectionRequest.swift in Sources */ = {isa = PBXBuildFile; fileRef = 149325042585FB34006EB8E3 /* AddToCollectionRequest.swift */; };
		149325082585FC20006EB8E3 /* AddToCollectionResponse.swift in Sources */ = {isa = PBXBuildFile; fileRef = 149325072585FC20006EB8E3 /* AddToCollectionResponse.swift */; };
		14956D32255CC72B0057A4A6 /* SceneCoordinator.swift in Sources */ = {isa = PBXBuildFile; fileRef = 14956D31255CC72B0057A4A6 /* SceneCoordinator.swift */; };
		149955AA25947F59008CBB21 /* ListUserLikedPhotosRequest.swift in Sources */ = {isa = PBXBuildFile; fileRef = 149955A925947F59008CBB21 /* ListUserLikedPhotosRequest.swift */; };
		149955B025948014008CBB21 /* ListUserLikedPhotosResponse.swift in Sources */ = {isa = PBXBuildFile; fileRef = 149955AF25948014008CBB21 /* ListUserLikedPhotosResponse.swift */; };
		1499575525949F4A008CBB21 /* SideMenuProfileLikeView.swift in Sources */ = {isa = PBXBuildFile; fileRef = 1499575425949F4A008CBB21 /* SideMenuProfileLikeView.swift */; };
		149C9DC5258C3F1400C5B322 /* SideMenuProfileView.swift in Sources */ = {isa = PBXBuildFile; fileRef = 149C9DC4258C3F1400C5B322 /* SideMenuProfileView.swift */; };
		149CA133258C582800C5B322 /* SideMenuProfileCollectionView.swift in Sources */ = {isa = PBXBuildFile; fileRef = 149CA132258C582800C5B322 /* SideMenuProfileCollectionView.swift */; };
		149CA590258CAA3200C5B322 /* SideMenuOptionView.swift in Sources */ = {isa = PBXBuildFile; fileRef = 149CA58F258CAA3200C5B322 /* SideMenuOptionView.swift */; };
		149EE5EB25906817000230CD /* PhotoVars.swift in Sources */ = {isa = PBXBuildFile; fileRef = 149EE5EA25906817000230CD /* PhotoVars.swift */; };
		149EE5F0259068C2000230CD /* PageVars.swift in Sources */ = {isa = PBXBuildFile; fileRef = 149EE5EF259068C2000230CD /* PageVars.swift */; };
		149EE5F425906C13000230CD /* SideMenuViewModel.swift in Sources */ = {isa = PBXBuildFile; fileRef = 149EE5F325906C13000230CD /* SideMenuViewModel.swift */; };
		14BA29A0258CB61000215F03 /* SideMenuOptionTableViewCell.swift in Sources */ = {isa = PBXBuildFile; fileRef = 14BA299F258CB61000215F03 /* SideMenuOptionTableViewCell.swift */; };
		14BA300A258CCC6200215F03 /* SideMenuViewController.swift in Sources */ = {isa = PBXBuildFile; fileRef = 14BA3009258CCC6200215F03 /* SideMenuViewController.swift */; };
		14BE99FE256A623400B0DB39 /* GetTopicPhotosRequest.swift in Sources */ = {isa = PBXBuildFile; fileRef = 14BE99FD256A623400B0DB39 /* GetTopicPhotosRequest.swift */; };
		14BE9A01256A637C00B0DB39 /* GetTopicPhotosResponse.swift in Sources */ = {isa = PBXBuildFile; fileRef = 14BE9A00256A637C00B0DB39 /* GetTopicPhotosResponse.swift */; };
		14BE9CF1256BAA8500B0DB39 /* PhotoDetailsOperationView.swift in Sources */ = {isa = PBXBuildFile; fileRef = 14BE9CF0256BAA8500B0DB39 /* PhotoDetailsOperationView.swift */; };
		14BE9F8D256BD8CC00B0DB39 /* PhotoDetailsViewModel.swift in Sources */ = {isa = PBXBuildFile; fileRef = 14BE9F8C256BD8CC00B0DB39 /* PhotoDetailsViewModel.swift */; };
		14CB252F2580687700741537 /* LoginViewControllerV2.swift in Sources */ = {isa = PBXBuildFile; fileRef = 14CB252E2580687700741537 /* LoginViewControllerV2.swift */; };
		14D5E8EA254A589D0021FE3E /* AppDelegate.swift in Sources */ = {isa = PBXBuildFile; fileRef = 14D5E8E9254A589D0021FE3E /* AppDelegate.swift */; };
		14D5E8EE254A589D0021FE3E /* LoginViewController.swift in Sources */ = {isa = PBXBuildFile; fileRef = 14D5E8ED254A589D0021FE3E /* LoginViewController.swift */; };
		14D5E8F1254A589D0021FE3E /* Main.storyboard in Resources */ = {isa = PBXBuildFile; fileRef = 14D5E8EF254A589D0021FE3E /* Main.storyboard */; };
		14D5E8F3254A589E0021FE3E /* Assets.xcassets in Resources */ = {isa = PBXBuildFile; fileRef = 14D5E8F2254A589E0021FE3E /* Assets.xcassets */; };
		14D5E8F6254A589E0021FE3E /* LaunchScreen.storyboard in Resources */ = {isa = PBXBuildFile; fileRef = 14D5E8F4254A589E0021FE3E /* LaunchScreen.storyboard */; };
		14D7DBCD2599A39B001BF0CB /* MTTabBarController.swift in Sources */ = {isa = PBXBuildFile; fileRef = 14D7DBCC2599A39B001BF0CB /* MTTabBarController.swift */; };
		14D7DBD12599A3D4001BF0CB /* BaseTabBarController.swift in Sources */ = {isa = PBXBuildFile; fileRef = 14D7DBD02599A3D4001BF0CB /* BaseTabBarController.swift */; };
		14DE10AE2592D9C700503FB0 /* UserManager.swift in Sources */ = {isa = PBXBuildFile; fileRef = 14DE10AD2592D9C700503FB0 /* UserManager.swift */; };
		14E3046D259AFB5C006BDBDB /* MyPhotosViewController.swift in Sources */ = {isa = PBXBuildFile; fileRef = 14E3046C259AFB5C006BDBDB /* MyPhotosViewController.swift */; };
		14E30474259AFBB0006BDBDB /* MyPhotosViewModel.swift in Sources */ = {isa = PBXBuildFile; fileRef = 14E30473259AFBB0006BDBDB /* MyPhotosViewModel.swift */; };
		14E30479259B1E04006BDBDB /* ListUserPhotosRequest.swift in Sources */ = {isa = PBXBuildFile; fileRef = 14E30478259B1E04006BDBDB /* ListUserPhotosRequest.swift */; };
		14E3047C259B2100006BDBDB /* ListUserPhotosResponse.swift in Sources */ = {isa = PBXBuildFile; fileRef = 14E3047B259B2100006BDBDB /* ListUserPhotosResponse.swift */; };
		14E3ACCF257383F4000297CF /* CapsuleButton.swift in Sources */ = {isa = PBXBuildFile; fileRef = 14E3ACCE257383F4000297CF /* CapsuleButton.swift */; };
		14E3ACD325738413000297CF /* BaseButton.swift in Sources */ = {isa = PBXBuildFile; fileRef = 14E3ACD225738413000297CF /* BaseButton.swift */; };
		14E59DCD2556716400F1FB60 /* BaseViewModel.swift in Sources */ = {isa = PBXBuildFile; fileRef = 14E59DCC2556716400F1FB60 /* BaseViewModel.swift */; };
		14E59E2E2556A0CA00F1FB60 /* PhotoService.swift in Sources */ = {isa = PBXBuildFile; fileRef = 14E59E2D2556A0CA00F1FB60 /* PhotoService.swift */; };
		14E59E312556A0E200F1FB60 /* NetworkService.swift in Sources */ = {isa = PBXBuildFile; fileRef = 14E59E302556A0E200F1FB60 /* NetworkService.swift */; };
		14E59E462557C5F700F1FB60 /* SearchPhotosResponse.swift in Sources */ = {isa = PBXBuildFile; fileRef = 14E59E452557C5F700F1FB60 /* SearchPhotosResponse.swift */; };
		14E59E492557CA6A00F1FB60 /* Photo.swift in Sources */ = {isa = PBXBuildFile; fileRef = 14E59E482557CA6A00F1FB60 /* Photo.swift */; };
		14E59E912557FC5000F1FB60 /* NetworkError.swift in Sources */ = {isa = PBXBuildFile; fileRef = 14E59E902557FC5000F1FB60 /* NetworkError.swift */; };
		14F016B32567981400F60C99 /* RxSwift+Opeartors.swift in Sources */ = {isa = PBXBuildFile; fileRef = 14F016B22567981400F60C99 /* RxSwift+Opeartors.swift */; };
		14F36F91254D3AB80086B8CC /* ColorPalette.swift in Sources */ = {isa = PBXBuildFile; fileRef = 14F36F90254D3AB80086B8CC /* ColorPalette.swift */; };
		14F36FB0254D53940086B8CC /* NetworkManager.swift in Sources */ = {isa = PBXBuildFile; fileRef = 14F36FAF254D53940086B8CC /* NetworkManager.swift */; };
		14F37071254EA14B0086B8CC /* api_keys_sample.json in Resources */ = {isa = PBXBuildFile; fileRef = 14F37070254EA14B0086B8CC /* api_keys_sample.json */; };
		14F3707A254EA9300086B8CC /* BaseRequest.swift in Sources */ = {isa = PBXBuildFile; fileRef = 14F37079254EA9300086B8CC /* BaseRequest.swift */; };
		14F3707D254EABDA0086B8CC /* BaseResponse.swift in Sources */ = {isa = PBXBuildFile; fileRef = 14F3707C254EABDA0086B8CC /* BaseResponse.swift */; };
		14F37083254ED2F60086B8CC /* SearchPhotosRequest.swift in Sources */ = {isa = PBXBuildFile; fileRef = 14F37082254ED2F60086B8CC /* SearchPhotosRequest.swift */; };
		14F9936125709E9600BF2D57 /* PhotoZoomableScrollView.swift in Sources */ = {isa = PBXBuildFile; fileRef = 14F9936025709E9600BF2D57 /* PhotoZoomableScrollView.swift */; };
		14FA60802580AE74004AFBE8 /* AppCredential.swift in Sources */ = {isa = PBXBuildFile; fileRef = 14FA607F2580AE74004AFBE8 /* AppCredential.swift */; };
		14FA60832580B2B7004AFBE8 /* AuthArguments.swift in Sources */ = {isa = PBXBuildFile; fileRef = 14FA60822580B2B7004AFBE8 /* AuthArguments.swift */; };
		14FA648E2580C1D7004AFBE8 /* URLScheme.swift in Sources */ = {isa = PBXBuildFile; fileRef = 14FA648D2580C1D7004AFBE8 /* URLScheme.swift */; };
		14FA70D92580F1D8004AFBE8 /* URL+Find.swift in Sources */ = {isa = PBXBuildFile; fileRef = 14FA70D82580F1D8004AFBE8 /* URL+Find.swift */; };
		14FD83CA2567F7CD00D5B575 /* BlurHashDecode.swift in Sources */ = {isa = PBXBuildFile; fileRef = 14FD83C82567F7CD00D5B575 /* BlurHashDecode.swift */; };
		14FD83CB2567F7CD00D5B575 /* BlurHashEncode.swift in Sources */ = {isa = PBXBuildFile; fileRef = 14FD83C92567F7CD00D5B575 /* BlurHashEncode.swift */; };
		14FD9B4F257F17B100DEC579 /* LoginViewModel.swift in Sources */ = {isa = PBXBuildFile; fileRef = 14FD9B4E257F17B100DEC579 /* LoginViewModel.swift */; };
		14FD9B61257F32CF00DEC579 /* AuthManager.swift in Sources */ = {isa = PBXBuildFile; fileRef = 14FD9B60257F32CF00DEC579 /* AuthManager.swift */; };
		14FD9B65257F345800DEC579 /* AuthService.swift in Sources */ = {isa = PBXBuildFile; fileRef = 14FD9B64257F345800DEC579 /* AuthService.swift */; };
		14FD9B68257F4E0C00DEC579 /* String+Split.swift in Sources */ = {isa = PBXBuildFile; fileRef = 14FD9B67257F4E0C00DEC579 /* String+Split.swift */; };
		14FD9C53257F75CC00DEC579 /* BaseService.swift in Sources */ = {isa = PBXBuildFile; fileRef = 14FD9C52257F75CC00DEC579 /* BaseService.swift */; };
		14FD9C59257F7AE800DEC579 /* AppManager.swift in Sources */ = {isa = PBXBuildFile; fileRef = 14FD9C58257F7AE800DEC579 /* AppManager.swift */; };
		73CFE15CA67265ABCA3CC319 /* Pods_Monotone.framework in Frameworks */ = {isa = PBXBuildFile; fileRef = 22845F1A112B6B6487F0B672 /* Pods_Monotone.framework */; };
/* End PBXBuildFile section */

/* Begin PBXCopyFilesBuildPhase section */
		14F36FB2254D55CE0086B8CC /* CopyFiles */ = {
			isa = PBXCopyFilesBuildPhase;
			buildActionMask = 2147483647;
			dstPath = "";
			dstSubfolderSpec = 7;
			files = (
			);
			runOnlyForDeploymentPostprocessing = 0;
		};
/* End PBXCopyFilesBuildPhase section */

/* Begin PBXFileReference section */
		0DE40B09FB07DB642D48B327 /* Pods-Monotone.debug.xcconfig */ = {isa = PBXFileReference; includeInIndex = 1; lastKnownFileType = text.xcconfig; name = "Pods-Monotone.debug.xcconfig"; path = "Target Support Files/Pods-Monotone/Pods-Monotone.debug.xcconfig"; sourceTree = "<group>"; };
		14009AFB2575D69200C70E6E /* HomeViewController.swift */ = {isa = PBXFileReference; lastKnownFileType = sourcecode.swift; path = HomeViewController.swift; sourceTree = "<group>"; };
		14009B022575D86700C70E6E /* PhotoInfoCameraSettingsView.swift */ = {isa = PBXFileReference; lastKnownFileType = sourcecode.swift; path = PhotoInfoCameraSettingsView.swift; sourceTree = "<group>"; };
		14009C702575E7E100C70E6E /* PhotoInfoViewModel.swift */ = {isa = PBXFileReference; fileEncoding = 4; lastKnownFileType = sourcecode.swift; path = PhotoInfoViewModel.swift; sourceTree = "<group>"; };
		14009C74257607C300C70E6E /* PageTitleView.swift */ = {isa = PBXFileReference; lastKnownFileType = sourcecode.swift; path = PageTitleView.swift; sourceTree = "<group>"; };
		14009C79257610E000C70E6E /* PhotoInfoStatisticsView.swift */ = {isa = PBXFileReference; lastKnownFileType = sourcecode.swift; path = PhotoInfoStatisticsView.swift; sourceTree = "<group>"; };
		14009CA425775E6D00C70E6E /* StatistizePhotoRequest.swift */ = {isa = PBXFileReference; fileEncoding = 4; lastKnownFileType = sourcecode.swift; path = StatistizePhotoRequest.swift; sourceTree = "<group>"; };
		14009CA82577604B00C70E6E /* StatisticizePhotoResponse.swift */ = {isa = PBXFileReference; fileEncoding = 4; lastKnownFileType = sourcecode.swift; path = StatisticizePhotoResponse.swift; sourceTree = "<group>"; };
		14009CAB2577625000C70E6E /* StatisticsIndicator.swift */ = {isa = PBXFileReference; fileEncoding = 4; lastKnownFileType = sourcecode.swift; path = StatisticsIndicator.swift; sourceTree = "<group>"; };
		14009CAE2577629500C70E6E /* Historical.swift */ = {isa = PBXFileReference; fileEncoding = 4; lastKnownFileType = sourcecode.swift; path = Historical.swift; sourceTree = "<group>"; };
		14009CB1257762C600C70E6E /* HistoricalValue.swift */ = {isa = PBXFileReference; fileEncoding = 4; lastKnownFileType = sourcecode.swift; path = HistoricalValue.swift; sourceTree = "<group>"; };
		14009CB5257775F800C70E6E /* Statistics.swift */ = {isa = PBXFileReference; fileEncoding = 4; lastKnownFileType = sourcecode.swift; path = Statistics.swift; sourceTree = "<group>"; };
		14014CEE2581BE1B00746563 /* AuthError.swift */ = {isa = PBXFileReference; fileEncoding = 4; lastKnownFileType = sourcecode.swift; path = AuthError.swift; sourceTree = "<group>"; };
		14014DED2581C46300746563 /* AuthCredential.swift */ = {isa = PBXFileReference; fileEncoding = 4; lastKnownFileType = sourcecode.swift; path = AuthCredential.swift; sourceTree = "<group>"; };
		1401547925831BF600746563 /* CollectionService.swift */ = {isa = PBXFileReference; fileEncoding = 4; lastKnownFileType = sourcecode.swift; path = CollectionService.swift; sourceTree = "<group>"; };
		1401547D25831ED900746563 /* CreateCollectionRequest.swift */ = {isa = PBXFileReference; fileEncoding = 4; lastKnownFileType = sourcecode.swift; path = CreateCollectionRequest.swift; sourceTree = "<group>"; };
		1401548025831FEA00746563 /* CreateCollectionResponse.swift */ = {isa = PBXFileReference; fileEncoding = 4; lastKnownFileType = sourcecode.swift; path = CreateCollectionResponse.swift; sourceTree = "<group>"; };
		140158FD258388EF00746563 /* MessageCenter.swift */ = {isa = PBXFileReference; lastKnownFileType = sourcecode.swift; path = MessageCenter.swift; sourceTree = "<group>"; };
		1406E9E1257A02530096DE82 /* FloatBlockButton.swift */ = {isa = PBXFileReference; lastKnownFileType = sourcecode.swift; path = FloatBlockButton.swift; sourceTree = "<group>"; };
		1406E9E4257A04370096DE82 /* CALayer+SketchShadow.swift */ = {isa = PBXFileReference; lastKnownFileType = sourcecode.swift; path = "CALayer+SketchShadow.swift"; sourceTree = "<group>"; };
		1406E9E7257A04EF0096DE82 /* PhotoShareViewController.swift */ = {isa = PBXFileReference; lastKnownFileType = sourcecode.swift; path = PhotoShareViewController.swift; sourceTree = "<group>"; };
		1406E9EA257A05CF0096DE82 /* PhotoShareSMView.swift */ = {isa = PBXFileReference; fileEncoding = 4; lastKnownFileType = sourcecode.swift; path = PhotoShareSMView.swift; sourceTree = "<group>"; };
		1406E9ED257A0E050096DE82 /* PhotoShareUrlView.swift */ = {isa = PBXFileReference; lastKnownFileType = sourcecode.swift; path = PhotoShareUrlView.swift; sourceTree = "<group>"; };
		1406E9F0257A11A20096DE82 /* PhotoShareViewModel.swift */ = {isa = PBXFileReference; fileEncoding = 4; lastKnownFileType = sourcecode.swift; path = PhotoShareViewModel.swift; sourceTree = "<group>"; };
		1406EADE257A5B9F0096DE82 /* PhotoAddToCollectionViewController.swift */ = {isa = PBXFileReference; fileEncoding = 4; lastKnownFileType = sourcecode.swift; path = PhotoAddToCollectionViewController.swift; sourceTree = "<group>"; };
		1406EAF1257A5C640096DE82 /* AddToCollectionTableViewCell.swift */ = {isa = PBXFileReference; fileEncoding = 4; lastKnownFileType = sourcecode.swift; path = AddToCollectionTableViewCell.swift; sourceTree = "<group>"; };
		14071AFA2564CB2100D418C8 /* PreviewPhoto.swift */ = {isa = PBXFileReference; lastKnownFileType = sourcecode.swift; path = PreviewPhoto.swift; sourceTree = "<group>"; };
		14071B0D256549F000D418C8 /* Exif.swift */ = {isa = PBXFileReference; lastKnownFileType = sourcecode.swift; path = Exif.swift; sourceTree = "<group>"; };
		14071B1025654A4900D418C8 /* Location.swift */ = {isa = PBXFileReference; lastKnownFileType = sourcecode.swift; path = Location.swift; sourceTree = "<group>"; };
		14071B1325654AF500D418C8 /* Position.swift */ = {isa = PBXFileReference; lastKnownFileType = sourcecode.swift; path = Position.swift; sourceTree = "<group>"; };
		14071B172565FD1C00D418C8 /* PhotoListViewModel.swift */ = {isa = PBXFileReference; lastKnownFileType = sourcecode.swift; path = PhotoListViewModel.swift; sourceTree = "<group>"; };
		140912FB2571333800EEC157 /* BaseScrollView.swift */ = {isa = PBXFileReference; lastKnownFileType = sourcecode.swift; path = BaseScrollView.swift; sourceTree = "<group>"; };
		1409A7962550EAAB0005B702 /* BaseView.swift */ = {isa = PBXFileReference; lastKnownFileType = sourcecode.swift; path = BaseView.swift; sourceTree = "<group>"; };
		14104915255D34AE003312BC /* PhotoDetailsViewController.swift */ = {isa = PBXFileReference; fileEncoding = 4; lastKnownFileType = sourcecode.swift; path = PhotoDetailsViewController.swift; sourceTree = "<group>"; };
		1410491B255D3686003312BC /* SceneTransition.swift */ = {isa = PBXFileReference; lastKnownFileType = sourcecode.swift; path = SceneTransition.swift; sourceTree = "<group>"; };
		1410491F255D4944003312BC /* BaseNavigationController.swift */ = {isa = PBXFileReference; lastKnownFileType = sourcecode.swift; path = BaseNavigationController.swift; sourceTree = "<group>"; };
		14104924255D49A5003312BC /* MTNavigationController.swift */ = {isa = PBXFileReference; fileEncoding = 4; lastKnownFileType = sourcecode.swift; path = MTNavigationController.swift; sourceTree = "<group>"; };
		14109A9C25620B150094BDA7 /* MTTextField.swift */ = {isa = PBXFileReference; lastKnownFileType = sourcecode.swift; path = MTTextField.swift; sourceTree = "<group>"; };
		141591CF255E53FE00179ED5 /* BaseCoordinator.swift */ = {isa = PBXFileReference; lastKnownFileType = sourcecode.swift; path = BaseCoordinator.swift; sourceTree = "<group>"; };
		1420AC15258B3D2C0095FD2E /* SceneCoordinator+Factory.swift */ = {isa = PBXFileReference; lastKnownFileType = sourcecode.swift; path = "SceneCoordinator+Factory.swift"; sourceTree = "<group>"; };
		1420B297258B72410095FD2E /* UIImage+Reformat.swift */ = {isa = PBXFileReference; lastKnownFileType = sourcecode.swift; path = "UIImage+Reformat.swift"; sourceTree = "<group>"; };
		1420B2AF258B7F4C0095FD2E /* CapsuleView.swift */ = {isa = PBXFileReference; fileEncoding = 4; lastKnownFileType = sourcecode.swift; path = CapsuleView.swift; sourceTree = "<group>"; };
		1420B2B4258B916C0095FD2E /* Sponsorship.swift */ = {isa = PBXFileReference; fileEncoding = 4; lastKnownFileType = sourcecode.swift; path = Sponsorship.swift; sourceTree = "<group>"; };
		1423A4DC254BA121009DEEA1 /* BaseViewController.swift */ = {isa = PBXFileReference; lastKnownFileType = sourcecode.swift; path = BaseViewController.swift; sourceTree = "<group>"; };
		142840332564BA2E004C06DF /* TopicService.swift */ = {isa = PBXFileReference; lastKnownFileType = sourcecode.swift; path = TopicService.swift; sourceTree = "<group>"; };
		142840362564BACE004C06DF /* ListTopicsRequest.swift */ = {isa = PBXFileReference; lastKnownFileType = sourcecode.swift; path = ListTopicsRequest.swift; sourceTree = "<group>"; };
		142840392564BBB1004C06DF /* ListTopicsResponse.swift */ = {isa = PBXFileReference; lastKnownFileType = sourcecode.swift; path = ListTopicsResponse.swift; sourceTree = "<group>"; };
		1428403D2564BC56004C06DF /* Topic.swift */ = {isa = PBXFileReference; lastKnownFileType = sourcecode.swift; path = Topic.swift; sourceTree = "<group>"; };
		142BCC972566374C00B7FB06 /* Array+Find.swift */ = {isa = PBXFileReference; lastKnownFileType = sourcecode.swift; path = "Array+Find.swift"; sourceTree = "<group>"; };
		142BD866259897ED0097F5AC /* PhotoInfoViewController.swift */ = {isa = PBXFileReference; fileEncoding = 4; lastKnownFileType = sourcecode.swift; path = PhotoInfoViewController.swift; sourceTree = "<group>"; };
		143114C0255A788D00991676 /* SearchPhotosViewModel.swift */ = {isa = PBXFileReference; lastKnownFileType = sourcecode.swift; path = SearchPhotosViewModel.swift; sourceTree = "<group>"; };
		143114CB255A794600991676 /* Links.swift */ = {isa = PBXFileReference; lastKnownFileType = sourcecode.swift; path = Links.swift; sourceTree = "<group>"; };
		143114D0255A797A00991676 /* ProfileImage.swift */ = {isa = PBXFileReference; lastKnownFileType = sourcecode.swift; path = ProfileImage.swift; sourceTree = "<group>"; };
		143114D4255A799A00991676 /* User.swift */ = {isa = PBXFileReference; lastKnownFileType = sourcecode.swift; path = User.swift; sourceTree = "<group>"; };
		143114D7255A79D000991676 /* URLs.swift */ = {isa = PBXFileReference; lastKnownFileType = sourcecode.swift; path = URLs.swift; sourceTree = "<group>"; };
		143114DE255AA6D300991676 /* ListPhotosRequest.swift */ = {isa = PBXFileReference; fileEncoding = 4; lastKnownFileType = sourcecode.swift; path = ListPhotosRequest.swift; sourceTree = "<group>"; };
		1433B8E22561190100FE9B1D /* PhotoListHeaderView.swift */ = {isa = PBXFileReference; lastKnownFileType = sourcecode.swift; path = PhotoListHeaderView.swift; sourceTree = "<group>"; };
		1433B8E82561270700FE9B1D /* InterfaceGlobalVars.swift */ = {isa = PBXFileReference; lastKnownFileType = sourcecode.swift; path = InterfaceGlobalVars.swift; sourceTree = "<group>"; };
		143F5677254FEA040038761D /* PhotoListViewController.swift */ = {isa = PBXFileReference; lastKnownFileType = sourcecode.swift; path = PhotoListViewController.swift; sourceTree = "<group>"; };
		143F567A254FEF320038761D /* PhotoListJumbotronView.swift */ = {isa = PBXFileReference; lastKnownFileType = sourcecode.swift; path = PhotoListJumbotronView.swift; sourceTree = "<group>"; };
		143FB13E255B859F00D24248 /* ListPhotosResponse.swift */ = {isa = PBXFileReference; fileEncoding = 4; lastKnownFileType = sourcecode.swift; path = ListPhotosResponse.swift; sourceTree = "<group>"; };
		1441D8032591C2A7000D49D1 /* GetMineProfileRequest.swift */ = {isa = PBXFileReference; fileEncoding = 4; lastKnownFileType = sourcecode.swift; path = GetMineProfileRequest.swift; sourceTree = "<group>"; };
		1441D8082591C319000D49D1 /* GetMineProfileResponse.swift */ = {isa = PBXFileReference; fileEncoding = 4; lastKnownFileType = sourcecode.swift; path = GetMineProfileResponse.swift; sourceTree = "<group>"; };
		14621CB22587546A00446F5F /* RemoveFromCollectionRequest.swift */ = {isa = PBXFileReference; fileEncoding = 4; lastKnownFileType = sourcecode.swift; path = RemoveFromCollectionRequest.swift; sourceTree = "<group>"; };
		14621CB52587549D00446F5F /* RemoveFromCollectionResponse.swift */ = {isa = PBXFileReference; fileEncoding = 4; lastKnownFileType = sourcecode.swift; path = RemoveFromCollectionResponse.swift; sourceTree = "<group>"; };
		1483210A2588DFDE00097F85 /* LikePhotoRequest.swift */ = {isa = PBXFileReference; fileEncoding = 4; lastKnownFileType = sourcecode.swift; path = LikePhotoRequest.swift; sourceTree = "<group>"; };
		148321222588E01B00097F85 /* LikePhotoResponse.swift */ = {isa = PBXFileReference; fileEncoding = 4; lastKnownFileType = sourcecode.swift; path = LikePhotoResponse.swift; sourceTree = "<group>"; };
		148321252588E04700097F85 /* UnlikePhotoResponse.swift */ = {isa = PBXFileReference; fileEncoding = 4; lastKnownFileType = sourcecode.swift; path = UnlikePhotoResponse.swift; sourceTree = "<group>"; };
		148321282588E06000097F85 /* UnlikePhotoRequest.swift */ = {isa = PBXFileReference; fileEncoding = 4; lastKnownFileType = sourcecode.swift; path = UnlikePhotoRequest.swift; sourceTree = "<group>"; };
		14842C68257DCF7C00364FFF /* UserService.swift */ = {isa = PBXFileReference; fileEncoding = 4; lastKnownFileType = sourcecode.swift; path = UserService.swift; sourceTree = "<group>"; };
		14842C6B257DD00300364FFF /* ListUserCollectionsRequest.swift */ = {isa = PBXFileReference; fileEncoding = 4; lastKnownFileType = sourcecode.swift; path = ListUserCollectionsRequest.swift; sourceTree = "<group>"; };
		14842C6F257DD08100364FFF /* ListUserCollectionsResponse.swift */ = {isa = PBXFileReference; fileEncoding = 4; lastKnownFileType = sourcecode.swift; path = ListUserCollectionsResponse.swift; sourceTree = "<group>"; };
		14842C74257DD1A200364FFF /* Collection.swift */ = {isa = PBXFileReference; fileEncoding = 4; lastKnownFileType = sourcecode.swift; path = Collection.swift; sourceTree = "<group>"; };
		14842D4C257DD3F200364FFF /* PhotoAddToCollectionViewModel.swift */ = {isa = PBXFileReference; fileEncoding = 4; lastKnownFileType = sourcecode.swift; path = PhotoAddToCollectionViewModel.swift; sourceTree = "<group>"; };
		14842D50257DF5E900364FFF /* UIView+Border.swift */ = {isa = PBXFileReference; lastKnownFileType = sourcecode.swift; path = "UIView+Border.swift"; sourceTree = "<group>"; };
		14842E31257E003100364FFF /* PhotoCreateCollectionViewController.swift */ = {isa = PBXFileReference; fileEncoding = 4; lastKnownFileType = sourcecode.swift; path = PhotoCreateCollectionViewController.swift; sourceTree = "<group>"; };
		14842E34257E0F6300364FFF /* PhotoCreateCollectionViewModel.swift */ = {isa = PBXFileReference; fileEncoding = 4; lastKnownFileType = sourcecode.swift; path = PhotoCreateCollectionViewModel.swift; sourceTree = "<group>"; };
		148ED1E825591DBF0000146E /* PhotoCollectionViewCell.swift */ = {isa = PBXFileReference; lastKnownFileType = sourcecode.swift; path = PhotoCollectionViewCell.swift; sourceTree = "<group>"; };
		148FF2352552366500CADB4C /* zh-Hans */ = {isa = PBXFileReference; lastKnownFileType = text.plist.strings; name = "zh-Hans"; path = "zh-Hans.lproj/Main.strings"; sourceTree = "<group>"; };
		148FF2362552366500CADB4C /* zh-Hans */ = {isa = PBXFileReference; lastKnownFileType = text.plist.strings; name = "zh-Hans"; path = "zh-Hans.lproj/LaunchScreen.strings"; sourceTree = "<group>"; };
		148FF23C255237A600CADB4C /* en */ = {isa = PBXFileReference; lastKnownFileType = text.plist.strings; name = en; path = en.lproj/Localizable.strings; sourceTree = "<group>"; };
		148FF23F255237B000CADB4C /* zh-Hans */ = {isa = PBXFileReference; lastKnownFileType = text.plist.strings; name = "zh-Hans"; path = "zh-Hans.lproj/Localizable.strings"; sourceTree = "<group>"; };
		148FF241255237EA00CADB4C /* en */ = {isa = PBXFileReference; lastKnownFileType = text.plist.strings; name = en; path = en.lproj/LaunchScreen.strings; sourceTree = "<group>"; };
		148FF243255237F600CADB4C /* en */ = {isa = PBXFileReference; lastKnownFileType = text.plist.strings; name = en; path = en.lproj/Main.strings; sourceTree = "<group>"; };
		149325042585FB34006EB8E3 /* AddToCollectionRequest.swift */ = {isa = PBXFileReference; fileEncoding = 4; lastKnownFileType = sourcecode.swift; path = AddToCollectionRequest.swift; sourceTree = "<group>"; };
		149325072585FC20006EB8E3 /* AddToCollectionResponse.swift */ = {isa = PBXFileReference; fileEncoding = 4; lastKnownFileType = sourcecode.swift; path = AddToCollectionResponse.swift; sourceTree = "<group>"; };
		14956D31255CC72B0057A4A6 /* SceneCoordinator.swift */ = {isa = PBXFileReference; lastKnownFileType = sourcecode.swift; path = SceneCoordinator.swift; sourceTree = "<group>"; };
		149955A925947F59008CBB21 /* ListUserLikedPhotosRequest.swift */ = {isa = PBXFileReference; fileEncoding = 4; lastKnownFileType = sourcecode.swift; path = ListUserLikedPhotosRequest.swift; sourceTree = "<group>"; };
		149955AF25948014008CBB21 /* ListUserLikedPhotosResponse.swift */ = {isa = PBXFileReference; fileEncoding = 4; lastKnownFileType = sourcecode.swift; path = ListUserLikedPhotosResponse.swift; sourceTree = "<group>"; };
		1499575425949F4A008CBB21 /* SideMenuProfileLikeView.swift */ = {isa = PBXFileReference; fileEncoding = 4; lastKnownFileType = sourcecode.swift; path = SideMenuProfileLikeView.swift; sourceTree = "<group>"; };
		149C9DC4258C3F1400C5B322 /* SideMenuProfileView.swift */ = {isa = PBXFileReference; lastKnownFileType = sourcecode.swift; path = SideMenuProfileView.swift; sourceTree = "<group>"; };
		149CA132258C582800C5B322 /* SideMenuProfileCollectionView.swift */ = {isa = PBXFileReference; fileEncoding = 4; lastKnownFileType = sourcecode.swift; path = SideMenuProfileCollectionView.swift; sourceTree = "<group>"; };
		149CA58F258CAA3200C5B322 /* SideMenuOptionView.swift */ = {isa = PBXFileReference; fileEncoding = 4; lastKnownFileType = sourcecode.swift; path = SideMenuOptionView.swift; sourceTree = "<group>"; };
		149EE5EA25906817000230CD /* PhotoVars.swift */ = {isa = PBXFileReference; fileEncoding = 4; lastKnownFileType = sourcecode.swift; path = PhotoVars.swift; sourceTree = "<group>"; };
		149EE5EF259068C2000230CD /* PageVars.swift */ = {isa = PBXFileReference; fileEncoding = 4; lastKnownFileType = sourcecode.swift; path = PageVars.swift; sourceTree = "<group>"; };
		149EE5F325906C13000230CD /* SideMenuViewModel.swift */ = {isa = PBXFileReference; fileEncoding = 4; lastKnownFileType = sourcecode.swift; path = SideMenuViewModel.swift; sourceTree = "<group>"; };
		14BA299F258CB61000215F03 /* SideMenuOptionTableViewCell.swift */ = {isa = PBXFileReference; fileEncoding = 4; lastKnownFileType = sourcecode.swift; path = SideMenuOptionTableViewCell.swift; sourceTree = "<group>"; };
		14BA3009258CCC6200215F03 /* SideMenuViewController.swift */ = {isa = PBXFileReference; fileEncoding = 4; lastKnownFileType = sourcecode.swift; path = SideMenuViewController.swift; sourceTree = "<group>"; };
		14BE99FD256A623400B0DB39 /* GetTopicPhotosRequest.swift */ = {isa = PBXFileReference; lastKnownFileType = sourcecode.swift; path = GetTopicPhotosRequest.swift; sourceTree = "<group>"; };
		14BE9A00256A637C00B0DB39 /* GetTopicPhotosResponse.swift */ = {isa = PBXFileReference; fileEncoding = 4; lastKnownFileType = sourcecode.swift; path = GetTopicPhotosResponse.swift; sourceTree = "<group>"; };
		14BE9CF0256BAA8500B0DB39 /* PhotoDetailsOperationView.swift */ = {isa = PBXFileReference; lastKnownFileType = sourcecode.swift; path = PhotoDetailsOperationView.swift; sourceTree = "<group>"; };
		14BE9F8C256BD8CC00B0DB39 /* PhotoDetailsViewModel.swift */ = {isa = PBXFileReference; fileEncoding = 4; lastKnownFileType = sourcecode.swift; path = PhotoDetailsViewModel.swift; sourceTree = "<group>"; };
		14CB252E2580687700741537 /* LoginViewControllerV2.swift */ = {isa = PBXFileReference; fileEncoding = 4; lastKnownFileType = sourcecode.swift; path = LoginViewControllerV2.swift; sourceTree = "<group>"; };
		14D5E8E6254A589D0021FE3E /* Monotone.app */ = {isa = PBXFileReference; explicitFileType = wrapper.application; includeInIndex = 0; path = Monotone.app; sourceTree = BUILT_PRODUCTS_DIR; };
		14D5E8E9254A589D0021FE3E /* AppDelegate.swift */ = {isa = PBXFileReference; lastKnownFileType = sourcecode.swift; path = AppDelegate.swift; sourceTree = "<group>"; };
		14D5E8ED254A589D0021FE3E /* LoginViewController.swift */ = {isa = PBXFileReference; lastKnownFileType = sourcecode.swift; path = LoginViewController.swift; sourceTree = "<group>"; };
		14D5E8F0254A589D0021FE3E /* Base */ = {isa = PBXFileReference; lastKnownFileType = file.storyboard; name = Base; path = Base.lproj/Main.storyboard; sourceTree = "<group>"; };
		14D5E8F2254A589E0021FE3E /* Assets.xcassets */ = {isa = PBXFileReference; lastKnownFileType = folder.assetcatalog; path = Assets.xcassets; sourceTree = "<group>"; };
		14D5E8F5254A589E0021FE3E /* Base */ = {isa = PBXFileReference; lastKnownFileType = file.storyboard; name = Base; path = Base.lproj/LaunchScreen.storyboard; sourceTree = "<group>"; };
		14D5E8F7254A589E0021FE3E /* Info.plist */ = {isa = PBXFileReference; lastKnownFileType = text.plist.xml; path = Info.plist; sourceTree = "<group>"; };
		14D7DBCC2599A39B001BF0CB /* MTTabBarController.swift */ = {isa = PBXFileReference; lastKnownFileType = sourcecode.swift; path = MTTabBarController.swift; sourceTree = "<group>"; };
		14D7DBD02599A3D4001BF0CB /* BaseTabBarController.swift */ = {isa = PBXFileReference; fileEncoding = 4; lastKnownFileType = sourcecode.swift; path = BaseTabBarController.swift; sourceTree = "<group>"; };
		14DE10AD2592D9C700503FB0 /* UserManager.swift */ = {isa = PBXFileReference; lastKnownFileType = sourcecode.swift; path = UserManager.swift; sourceTree = "<group>"; };
		14E3046C259AFB5C006BDBDB /* MyPhotosViewController.swift */ = {isa = PBXFileReference; fileEncoding = 4; lastKnownFileType = sourcecode.swift; path = MyPhotosViewController.swift; sourceTree = "<group>"; };
		14E30473259AFBB0006BDBDB /* MyPhotosViewModel.swift */ = {isa = PBXFileReference; fileEncoding = 4; lastKnownFileType = sourcecode.swift; path = MyPhotosViewModel.swift; sourceTree = "<group>"; };
		14E30478259B1E04006BDBDB /* ListUserPhotosRequest.swift */ = {isa = PBXFileReference; fileEncoding = 4; lastKnownFileType = sourcecode.swift; path = ListUserPhotosRequest.swift; sourceTree = "<group>"; };
		14E3047B259B2100006BDBDB /* ListUserPhotosResponse.swift */ = {isa = PBXFileReference; fileEncoding = 4; lastKnownFileType = sourcecode.swift; path = ListUserPhotosResponse.swift; sourceTree = "<group>"; };
		14E3ACCE257383F4000297CF /* CapsuleButton.swift */ = {isa = PBXFileReference; lastKnownFileType = sourcecode.swift; path = CapsuleButton.swift; sourceTree = "<group>"; };
		14E3ACD225738413000297CF /* BaseButton.swift */ = {isa = PBXFileReference; lastKnownFileType = sourcecode.swift; path = BaseButton.swift; sourceTree = "<group>"; };
		14E59DCC2556716400F1FB60 /* BaseViewModel.swift */ = {isa = PBXFileReference; lastKnownFileType = sourcecode.swift; path = BaseViewModel.swift; sourceTree = "<group>"; };
		14E59E2D2556A0CA00F1FB60 /* PhotoService.swift */ = {isa = PBXFileReference; lastKnownFileType = sourcecode.swift; path = PhotoService.swift; sourceTree = "<group>"; };
		14E59E302556A0E200F1FB60 /* NetworkService.swift */ = {isa = PBXFileReference; lastKnownFileType = sourcecode.swift; path = NetworkService.swift; sourceTree = "<group>"; };
		14E59E452557C5F700F1FB60 /* SearchPhotosResponse.swift */ = {isa = PBXFileReference; lastKnownFileType = sourcecode.swift; path = SearchPhotosResponse.swift; sourceTree = "<group>"; };
		14E59E482557CA6A00F1FB60 /* Photo.swift */ = {isa = PBXFileReference; lastKnownFileType = sourcecode.swift; path = Photo.swift; sourceTree = "<group>"; };
		14E59E902557FC5000F1FB60 /* NetworkError.swift */ = {isa = PBXFileReference; lastKnownFileType = sourcecode.swift; path = NetworkError.swift; sourceTree = "<group>"; };
		14F016B22567981400F60C99 /* RxSwift+Opeartors.swift */ = {isa = PBXFileReference; lastKnownFileType = sourcecode.swift; path = "RxSwift+Opeartors.swift"; sourceTree = "<group>"; };
		14F36F90254D3AB80086B8CC /* ColorPalette.swift */ = {isa = PBXFileReference; lastKnownFileType = sourcecode.swift; path = ColorPalette.swift; sourceTree = "<group>"; };
		14F36FAF254D53940086B8CC /* NetworkManager.swift */ = {isa = PBXFileReference; lastKnownFileType = sourcecode.swift; path = NetworkManager.swift; sourceTree = "<group>"; };
		14F37070254EA14B0086B8CC /* api_keys_sample.json */ = {isa = PBXFileReference; fileEncoding = 4; lastKnownFileType = text.json; path = api_keys_sample.json; sourceTree = SOURCE_ROOT; };
		14F37079254EA9300086B8CC /* BaseRequest.swift */ = {isa = PBXFileReference; lastKnownFileType = sourcecode.swift; path = BaseRequest.swift; sourceTree = "<group>"; };
		14F3707C254EABDA0086B8CC /* BaseResponse.swift */ = {isa = PBXFileReference; lastKnownFileType = sourcecode.swift; path = BaseResponse.swift; sourceTree = "<group>"; };
		14F37082254ED2F60086B8CC /* SearchPhotosRequest.swift */ = {isa = PBXFileReference; lastKnownFileType = sourcecode.swift; path = SearchPhotosRequest.swift; sourceTree = "<group>"; };
		14F9936025709E9600BF2D57 /* PhotoZoomableScrollView.swift */ = {isa = PBXFileReference; lastKnownFileType = sourcecode.swift; path = PhotoZoomableScrollView.swift; sourceTree = "<group>"; };
		14FA607F2580AE74004AFBE8 /* AppCredential.swift */ = {isa = PBXFileReference; lastKnownFileType = sourcecode.swift; path = AppCredential.swift; sourceTree = "<group>"; };
		14FA60822580B2B7004AFBE8 /* AuthArguments.swift */ = {isa = PBXFileReference; lastKnownFileType = sourcecode.swift; path = AuthArguments.swift; sourceTree = "<group>"; };
		14FA648D2580C1D7004AFBE8 /* URLScheme.swift */ = {isa = PBXFileReference; lastKnownFileType = sourcecode.swift; path = URLScheme.swift; sourceTree = "<group>"; };
		14FA70D82580F1D8004AFBE8 /* URL+Find.swift */ = {isa = PBXFileReference; fileEncoding = 4; lastKnownFileType = sourcecode.swift; path = "URL+Find.swift"; sourceTree = "<group>"; };
		14FD83C82567F7CD00D5B575 /* BlurHashDecode.swift */ = {isa = PBXFileReference; fileEncoding = 4; lastKnownFileType = sourcecode.swift; path = BlurHashDecode.swift; sourceTree = "<group>"; };
		14FD83C92567F7CD00D5B575 /* BlurHashEncode.swift */ = {isa = PBXFileReference; fileEncoding = 4; lastKnownFileType = sourcecode.swift; path = BlurHashEncode.swift; sourceTree = "<group>"; };
		14FD9B4E257F17B100DEC579 /* LoginViewModel.swift */ = {isa = PBXFileReference; fileEncoding = 4; lastKnownFileType = sourcecode.swift; path = LoginViewModel.swift; sourceTree = "<group>"; };
		14FD9B60257F32CF00DEC579 /* AuthManager.swift */ = {isa = PBXFileReference; lastKnownFileType = sourcecode.swift; path = AuthManager.swift; sourceTree = "<group>"; };
		14FD9B64257F345800DEC579 /* AuthService.swift */ = {isa = PBXFileReference; fileEncoding = 4; lastKnownFileType = sourcecode.swift; path = AuthService.swift; sourceTree = "<group>"; };
		14FD9B67257F4E0C00DEC579 /* String+Split.swift */ = {isa = PBXFileReference; lastKnownFileType = sourcecode.swift; path = "String+Split.swift"; sourceTree = "<group>"; };
		14FD9C52257F75CC00DEC579 /* BaseService.swift */ = {isa = PBXFileReference; lastKnownFileType = sourcecode.swift; path = BaseService.swift; sourceTree = "<group>"; };
		14FD9C58257F7AE800DEC579 /* AppManager.swift */ = {isa = PBXFileReference; lastKnownFileType = sourcecode.swift; path = AppManager.swift; sourceTree = "<group>"; };
		22845F1A112B6B6487F0B672 /* Pods_Monotone.framework */ = {isa = PBXFileReference; explicitFileType = wrapper.framework; includeInIndex = 0; path = Pods_Monotone.framework; sourceTree = BUILT_PRODUCTS_DIR; };
		A1AF9737896258A142CECD23 /* Pods-Monotone.release.xcconfig */ = {isa = PBXFileReference; includeInIndex = 1; lastKnownFileType = text.xcconfig; name = "Pods-Monotone.release.xcconfig"; path = "Target Support Files/Pods-Monotone/Pods-Monotone.release.xcconfig"; sourceTree = "<group>"; };
/* End PBXFileReference section */

/* Begin PBXFrameworksBuildPhase section */
		14D5E8E3254A589D0021FE3E /* Frameworks */ = {
			isa = PBXFrameworksBuildPhase;
			buildActionMask = 2147483647;
			files = (
				73CFE15CA67265ABCA3CC319 /* Pods_Monotone.framework in Frameworks */,
			);
			runOnlyForDeploymentPostprocessing = 0;
		};
/* End PBXFrameworksBuildPhase section */

/* Begin PBXGroup section */
		14109A9725620AF80094BDA7 /* TextFields */ = {
			isa = PBXGroup;
			children = (
				14109A9C25620B150094BDA7 /* MTTextField.swift */,
			);
			path = TextFields;
			sourceTree = "<group>";
		};
		141591D8255E576600179ED5 /* Coordinators */ = {
			isa = PBXGroup;
			children = (
				1410491B255D3686003312BC /* SceneTransition.swift */,
				141591CF255E53FE00179ED5 /* BaseCoordinator.swift */,
				14956D31255CC72B0057A4A6 /* SceneCoordinator.swift */,
				1420AC15258B3D2C0095FD2E /* SceneCoordinator+Factory.swift */,
			);
			path = Coordinators;
			sourceTree = "<group>";
		};
		141591DA255E579D00179ED5 /* NavigationControllers */ = {
			isa = PBXGroup;
			children = (
				1410491F255D4944003312BC /* BaseNavigationController.swift */,
				14104924255D49A5003312BC /* MTNavigationController.swift */,
			);
			path = NavigationControllers;
			sourceTree = "<group>";
		};
		1419CAF825943F4A00551AF3 /* Application */ = {
			isa = PBXGroup;
			children = (
				14FA607F2580AE74004AFBE8 /* AppCredential.swift */,
				14FD9C58257F7AE800DEC579 /* AppManager.swift */,
				14DE10AD2592D9C700503FB0 /* UserManager.swift */,
				14FA648D2580C1D7004AFBE8 /* URLScheme.swift */,
			);
			path = Application;
			sourceTree = "<group>";
		};
		1419CAFA2594403E00551AF3 /* Photo */ = {
			isa = PBXGroup;
			children = (
				143114DE255AA6D300991676 /* ListPhotosRequest.swift */,
				14F37082254ED2F60086B8CC /* SearchPhotosRequest.swift */,
				14009CA425775E6D00C70E6E /* StatistizePhotoRequest.swift */,
				1483210A2588DFDE00097F85 /* LikePhotoRequest.swift */,
				148321282588E06000097F85 /* UnlikePhotoRequest.swift */,
			);
			path = Photo;
			sourceTree = "<group>";
		};
		1419CAFC2594405F00551AF3 /* Topic */ = {
			isa = PBXGroup;
			children = (
				142840362564BACE004C06DF /* ListTopicsRequest.swift */,
				14BE99FD256A623400B0DB39 /* GetTopicPhotosRequest.swift */,
			);
			name = Topic;
			path = "New Group";
			sourceTree = "<group>";
		};
		1419CAFD259440A500551AF3 /* Collection */ = {
			isa = PBXGroup;
			children = (
				1401547D25831ED900746563 /* CreateCollectionRequest.swift */,
				149325042585FB34006EB8E3 /* AddToCollectionRequest.swift */,
				14621CB22587546A00446F5F /* RemoveFromCollectionRequest.swift */,
			);
			path = Collection;
			sourceTree = "<group>";
		};
		1419CAFE259440D100551AF3 /* User */ = {
			isa = PBXGroup;
			children = (
				1441D8032591C2A7000D49D1 /* GetMineProfileRequest.swift */,
				14842C6B257DD00300364FFF /* ListUserCollectionsRequest.swift */,
				149955A925947F59008CBB21 /* ListUserLikedPhotosRequest.swift */,
				14E30478259B1E04006BDBDB /* ListUserPhotosRequest.swift */,
			);
			path = User;
			sourceTree = "<group>";
		};
		1419CB002594411C00551AF3 /* Photo */ = {
			isa = PBXGroup;
			children = (
				143FB13E255B859F00D24248 /* ListPhotosResponse.swift */,
				14E59E452557C5F700F1FB60 /* SearchPhotosResponse.swift */,
				14009CA82577604B00C70E6E /* StatisticizePhotoResponse.swift */,
				148321222588E01B00097F85 /* LikePhotoResponse.swift */,
				148321252588E04700097F85 /* UnlikePhotoResponse.swift */,
			);
			path = Photo;
			sourceTree = "<group>";
		};
		1419CB012594412600551AF3 /* Collection */ = {
			isa = PBXGroup;
			children = (
				1401548025831FEA00746563 /* CreateCollectionResponse.swift */,
				149325072585FC20006EB8E3 /* AddToCollectionResponse.swift */,
				14621CB52587549D00446F5F /* RemoveFromCollectionResponse.swift */,
			);
			path = Collection;
			sourceTree = "<group>";
		};
		1419CB022594415200551AF3 /* Topic */ = {
			isa = PBXGroup;
			children = (
				142840392564BBB1004C06DF /* ListTopicsResponse.swift */,
				14BE9A00256A637C00B0DB39 /* GetTopicPhotosResponse.swift */,
			);
			path = Topic;
			sourceTree = "<group>";
		};
		1419CB032594415900551AF3 /* User */ = {
			isa = PBXGroup;
			children = (
				1441D8082591C319000D49D1 /* GetMineProfileResponse.swift */,
				14842C6F257DD08100364FFF /* ListUserCollectionsResponse.swift */,
				149955AF25948014008CBB21 /* ListUserLikedPhotosResponse.swift */,
				14E3047B259B2100006BDBDB /* ListUserPhotosResponse.swift */,
			);
			path = User;
			sourceTree = "<group>";
		};
		1428403C2564BC41004C06DF /* Topic */ = {
			isa = PBXGroup;
			children = (
				1428403D2564BC56004C06DF /* Topic.swift */,
				14071AFA2564CB2100D418C8 /* PreviewPhoto.swift */,
			);
			path = Topic;
			sourceTree = "<group>";
		};
		143114B8255A778D00991676 /* ViewControllers */ = {
			isa = PBXGroup;
			children = (
				1423A4DC254BA121009DEEA1 /* BaseViewController.swift */,
				14D5E8ED254A589D0021FE3E /* LoginViewController.swift */,
				14CB252E2580687700741537 /* LoginViewControllerV2.swift */,
				14009AFB2575D69200C70E6E /* HomeViewController.swift */,
				143F5677254FEA040038761D /* PhotoListViewController.swift */,
				14104915255D34AE003312BC /* PhotoDetailsViewController.swift */,
				142BD866259897ED0097F5AC /* PhotoInfoViewController.swift */,
				1406E9E7257A04EF0096DE82 /* PhotoShareViewController.swift */,
				1406EADE257A5B9F0096DE82 /* PhotoAddToCollectionViewController.swift */,
				14842E31257E003100364FFF /* PhotoCreateCollectionViewController.swift */,
				14BA3009258CCC6200215F03 /* SideMenuViewController.swift */,
				14E3046C259AFB5C006BDBDB /* MyPhotosViewController.swift */,
			);
			path = ViewControllers;
			sourceTree = "<group>";
		};
		143114B9255A77B000991676 /* ViewModels */ = {
			isa = PBXGroup;
			children = (
				14E59DCC2556716400F1FB60 /* BaseViewModel.swift */,
				143114C0255A788D00991676 /* SearchPhotosViewModel.swift */,
				14071B172565FD1C00D418C8 /* PhotoListViewModel.swift */,
				14BE9F8C256BD8CC00B0DB39 /* PhotoDetailsViewModel.swift */,
				14009C702575E7E100C70E6E /* PhotoInfoViewModel.swift */,
				14FD9B4E257F17B100DEC579 /* LoginViewModel.swift */,
				1406E9F0257A11A20096DE82 /* PhotoShareViewModel.swift */,
				14842D4C257DD3F200364FFF /* PhotoAddToCollectionViewModel.swift */,
				14842E34257E0F6300364FFF /* PhotoCreateCollectionViewModel.swift */,
				149EE5F325906C13000230CD /* SideMenuViewModel.swift */,
				14E30473259AFBB0006BDBDB /* MyPhotosViewModel.swift */,
			);
			path = ViewModels;
			sourceTree = "<group>";
		};
		143114BA255A77C600991676 /* Network */ = {
			isa = PBXGroup;
			children = (
				14F36FAF254D53940086B8CC /* NetworkManager.swift */,
				14E59E902557FC5000F1FB60 /* NetworkError.swift */,
				14E59E302556A0E200F1FB60 /* NetworkService.swift */,
				14E59E2D2556A0CA00F1FB60 /* PhotoService.swift */,
				1401547925831BF600746563 /* CollectionService.swift */,
				14842C68257DCF7C00364FFF /* UserService.swift */,
				142840332564BA2E004C06DF /* TopicService.swift */,
				143114BC255A77EF00991676 /* Requests */,
				143114BD255A77FB00991676 /* Responses */,
			);
			path = Network;
			sourceTree = "<group>";
		};
		143114BB255A77CC00991676 /* Components */ = {
			isa = PBXGroup;
			children = (
				14D7DBCF2599A3AD001BF0CB /* TabBarControllers */,
				141591DA255E579D00179ED5 /* NavigationControllers */,
				14E3ACD1257383FC000297CF /* Buttons */,
				14F9936325709E9F00BF2D57 /* ScrollView */,
				14109A9725620AF80094BDA7 /* TextFields */,
				143FB157255BAE2D00D24248 /* Views */,
				143FB158255BAE3400D24248 /* Cells */,
			);
			path = Components;
			sourceTree = "<group>";
		};
		143114BC255A77EF00991676 /* Requests */ = {
			isa = PBXGroup;
			children = (
				14F37079254EA9300086B8CC /* BaseRequest.swift */,
				1419CAFA2594403E00551AF3 /* Photo */,
				1419CAFD259440A500551AF3 /* Collection */,
				1419CAFC2594405F00551AF3 /* Topic */,
				1419CAFE259440D100551AF3 /* User */,
			);
			path = Requests;
			sourceTree = "<group>";
		};
		143114BD255A77FB00991676 /* Responses */ = {
			isa = PBXGroup;
			children = (
				14F3707C254EABDA0086B8CC /* BaseResponse.swift */,
				1419CB002594411C00551AF3 /* Photo */,
				1419CB012594412600551AF3 /* Collection */,
				1419CB022594415200551AF3 /* Topic */,
				1419CB032594415900551AF3 /* User */,
			);
			path = Responses;
			sourceTree = "<group>";
		};
		143114BE255A780800991676 /* Services */ = {
			isa = PBXGroup;
			children = (
				14FD9C52257F75CC00DEC579 /* BaseService.swift */,
				14FD9C55257F763000DEC579 /* Auth */,
				143114BA255A77C600991676 /* Network */,
			);
			path = Services;
			sourceTree = "<group>";
		};
		143114C7255A78D000991676 /* Utils */ = {
			isa = PBXGroup;
			children = (
				14FD83C72567F7B000D5B575 /* BlurHash */,
				14F36F90254D3AB80086B8CC /* ColorPalette.swift */,
				140158FD258388EF00746563 /* MessageCenter.swift */,
				14F016B22567981400F60C99 /* RxSwift+Opeartors.swift */,
			);
			path = Utils;
			sourceTree = "<group>";
		};
		143114C9255A790700991676 /* Models */ = {
			isa = PBXGroup;
			children = (
				143114CA255A793600991676 /* Photo */,
				1428403C2564BC41004C06DF /* Topic */,
				14842C73257DD0FE00364FFF /* Collection */,
				143114CF255A796A00991676 /* User */,
			);
			path = Models;
			sourceTree = "<group>";
		};
		143114CA255A793600991676 /* Photo */ = {
			isa = PBXGroup;
			children = (
				143114CB255A794600991676 /* Links.swift */,
				143114D7255A79D000991676 /* URLs.swift */,
				14E59E482557CA6A00F1FB60 /* Photo.swift */,
				1420B2B4258B916C0095FD2E /* Sponsorship.swift */,
				14071B0D256549F000D418C8 /* Exif.swift */,
				14071B1025654A4900D418C8 /* Location.swift */,
				14071B1325654AF500D418C8 /* Position.swift */,
				14009CB5257775F800C70E6E /* Statistics.swift */,
				14009CAB2577625000C70E6E /* StatisticsIndicator.swift */,
				14009CAE2577629500C70E6E /* Historical.swift */,
				14009CB1257762C600C70E6E /* HistoricalValue.swift */,
			);
			path = Photo;
			sourceTree = "<group>";
		};
		143114CF255A796A00991676 /* User */ = {
			isa = PBXGroup;
			children = (
				143114D4255A799A00991676 /* User.swift */,
				143114D0255A797A00991676 /* ProfileImage.swift */,
			);
			path = User;
			sourceTree = "<group>";
		};
		143FB157255BAE2D00D24248 /* Views */ = {
			isa = PBXGroup;
			children = (
				1409A7962550EAAB0005B702 /* BaseView.swift */,
				1420B2AF258B7F4C0095FD2E /* CapsuleView.swift */,
				14009C74257607C300C70E6E /* PageTitleView.swift */,
				143F567A254FEF320038761D /* PhotoListJumbotronView.swift */,
				1433B8E22561190100FE9B1D /* PhotoListHeaderView.swift */,
				14BE9CF0256BAA8500B0DB39 /* PhotoDetailsOperationView.swift */,
				14009B022575D86700C70E6E /* PhotoInfoCameraSettingsView.swift */,
				14009C79257610E000C70E6E /* PhotoInfoStatisticsView.swift */,
				1406E9EA257A05CF0096DE82 /* PhotoShareSMView.swift */,
				1406E9ED257A0E050096DE82 /* PhotoShareUrlView.swift */,
				149C9DC4258C3F1400C5B322 /* SideMenuProfileView.swift */,
				149CA132258C582800C5B322 /* SideMenuProfileCollectionView.swift */,
				1499575425949F4A008CBB21 /* SideMenuProfileLikeView.swift */,
				149CA58F258CAA3200C5B322 /* SideMenuOptionView.swift */,
			);
			path = Views;
			sourceTree = "<group>";
		};
		143FB158255BAE3400D24248 /* Cells */ = {
			isa = PBXGroup;
			children = (
				148ED1E825591DBF0000146E /* PhotoCollectionViewCell.swift */,
				1406EAF1257A5C640096DE82 /* AddToCollectionTableViewCell.swift */,
				14BA299F258CB61000215F03 /* SideMenuOptionTableViewCell.swift */,
			);
			path = Cells;
			sourceTree = "<group>";
		};
		14842C73257DD0FE00364FFF /* Collection */ = {
			isa = PBXGroup;
			children = (
				14842C74257DD1A200364FFF /* Collection.swift */,
			);
			path = Collection;
			sourceTree = "<group>";
		};
		149EE5E92590677F000230CD /* Vars */ = {
			isa = PBXGroup;
			children = (
				1433B8E82561270700FE9B1D /* InterfaceGlobalVars.swift */,
				149EE5EA25906817000230CD /* PhotoVars.swift */,
				149EE5EF259068C2000230CD /* PageVars.swift */,
			);
			path = Vars;
			sourceTree = "<group>";
		};
		14D5E8DD254A589D0021FE3E = {
			isa = PBXGroup;
			children = (
				14D5E8E8254A589D0021FE3E /* Monotone */,
				14D5E8E7254A589D0021FE3E /* Products */,
				D0810F2CBBB1D36C0AB83B79 /* Pods */,
				F0993FA6A35EE5A3CA4D55B6 /* Frameworks */,
			);
			sourceTree = "<group>";
		};
		14D5E8E7254A589D0021FE3E /* Products */ = {
			isa = PBXGroup;
			children = (
				14D5E8E6254A589D0021FE3E /* Monotone.app */,
			);
			name = Products;
			sourceTree = "<group>";
		};
		14D5E8E8254A589D0021FE3E /* Monotone */ = {
			isa = PBXGroup;
			children = (
				149EE5E92590677F000230CD /* Vars */,
				1419CAF825943F4A00551AF3 /* Application */,
				143114C7255A78D000991676 /* Utils */,
				14FCE26A2563973E00B98130 /* Extensions */,
				143114BE255A780800991676 /* Services */,
				143114BB255A77CC00991676 /* Components */,
				143114B9255A77B000991676 /* ViewModels */,
				143114B8255A778D00991676 /* ViewControllers */,
				143114C9255A790700991676 /* Models */,
				141591D8255E576600179ED5 /* Coordinators */,
				14D5E8E9254A589D0021FE3E /* AppDelegate.swift */,
				14D5E8F4254A589E0021FE3E /* LaunchScreen.storyboard */,
				14D5E8EF254A589D0021FE3E /* Main.storyboard */,
				14D5E8F2254A589E0021FE3E /* Assets.xcassets */,
				14D5E8F7254A589E0021FE3E /* Info.plist */,
				148FF23D255237A600CADB4C /* Localizable.strings */,
				14F37070254EA14B0086B8CC /* api_keys_sample.json */,
			);
			path = Monotone;
			sourceTree = "<group>";
		};
		14D7DBCF2599A3AD001BF0CB /* TabBarControllers */ = {
			isa = PBXGroup;
			children = (
				14D7DBD02599A3D4001BF0CB /* BaseTabBarController.swift */,
				14D7DBCC2599A39B001BF0CB /* MTTabBarController.swift */,
			);
			path = TabBarControllers;
			sourceTree = "<group>";
		};
		14E3ACD1257383FC000297CF /* Buttons */ = {
			isa = PBXGroup;
			children = (
				14E3ACD225738413000297CF /* BaseButton.swift */,
				14E3ACCE257383F4000297CF /* CapsuleButton.swift */,
				1406E9E1257A02530096DE82 /* FloatBlockButton.swift */,
			);
			path = Buttons;
			sourceTree = "<group>";
		};
		14F9936325709E9F00BF2D57 /* ScrollView */ = {
			isa = PBXGroup;
			children = (
				140912FB2571333800EEC157 /* BaseScrollView.swift */,
				14F9936025709E9600BF2D57 /* PhotoZoomableScrollView.swift */,
			);
			path = ScrollView;
			sourceTree = "<group>";
		};
		14FCE26A2563973E00B98130 /* Extensions */ = {
			isa = PBXGroup;
			children = (
				142BCC972566374C00B7FB06 /* Array+Find.swift */,
				14FA70D82580F1D8004AFBE8 /* URL+Find.swift */,
				1406E9E4257A04370096DE82 /* CALayer+SketchShadow.swift */,
				14842D50257DF5E900364FFF /* UIView+Border.swift */,
				14FD9B67257F4E0C00DEC579 /* String+Split.swift */,
				1420B297258B72410095FD2E /* UIImage+Reformat.swift */,
			);
			path = Extensions;
			sourceTree = "<group>";
		};
		14FD83C72567F7B000D5B575 /* BlurHash */ = {
			isa = PBXGroup;
			children = (
				14FD83C82567F7CD00D5B575 /* BlurHashDecode.swift */,
				14FD83C92567F7CD00D5B575 /* BlurHashEncode.swift */,
			);
			path = BlurHash;
			sourceTree = "<group>";
		};
		14FD9C55257F763000DEC579 /* Auth */ = {
			isa = PBXGroup;
			children = (
				14FA60822580B2B7004AFBE8 /* AuthArguments.swift */,
				14014DED2581C46300746563 /* AuthCredential.swift */,
				14FD9B60257F32CF00DEC579 /* AuthManager.swift */,
				14014CEE2581BE1B00746563 /* AuthError.swift */,
				14FD9B64257F345800DEC579 /* AuthService.swift */,
			);
			path = Auth;
			sourceTree = "<group>";
		};
		D0810F2CBBB1D36C0AB83B79 /* Pods */ = {
			isa = PBXGroup;
			children = (
				0DE40B09FB07DB642D48B327 /* Pods-Monotone.debug.xcconfig */,
				A1AF9737896258A142CECD23 /* Pods-Monotone.release.xcconfig */,
			);
			path = Pods;
			sourceTree = "<group>";
		};
		F0993FA6A35EE5A3CA4D55B6 /* Frameworks */ = {
			isa = PBXGroup;
			children = (
				22845F1A112B6B6487F0B672 /* Pods_Monotone.framework */,
			);
			name = Frameworks;
			sourceTree = "<group>";
		};
/* End PBXGroup section */

/* Begin PBXNativeTarget section */
		14D5E8E5254A589D0021FE3E /* Monotone */ = {
			isa = PBXNativeTarget;
			buildConfigurationList = 14D5E8FA254A589E0021FE3E /* Build configuration list for PBXNativeTarget "Monotone" */;
			buildPhases = (
				DA45827D7DD09A7C95FB551D /* [CP] Check Pods Manifest.lock */,
				14D5E8E2254A589D0021FE3E /* Sources */,
				14D5E8E3254A589D0021FE3E /* Frameworks */,
				14D5E8E4254A589D0021FE3E /* Resources */,
				CEDF1C8637EF40323ABEBFB4 /* [CP] Embed Pods Frameworks */,
				14F36FB2254D55CE0086B8CC /* CopyFiles */,
				14F36FB7254D5ECA0086B8CC /* ShellScript */,
			);
			buildRules = (
			);
			dependencies = (
			);
			name = Monotone;
			productName = Monotone;
			productReference = 14D5E8E6254A589D0021FE3E /* Monotone.app */;
			productType = "com.apple.product-type.application";
		};
/* End PBXNativeTarget section */

/* Begin PBXProject section */
		14D5E8DE254A589D0021FE3E /* Project object */ = {
			isa = PBXProject;
			attributes = {
				LastSwiftUpdateCheck = 1200;
				LastUpgradeCheck = 1200;
				TargetAttributes = {
					14D5E8E5254A589D0021FE3E = {
						CreatedOnToolsVersion = 12.0.1;
					};
				};
			};
			buildConfigurationList = 14D5E8E1254A589D0021FE3E /* Build configuration list for PBXProject "Monotone" */;
			compatibilityVersion = "Xcode 9.3";
			developmentRegion = en;
			hasScannedForEncodings = 0;
			knownRegions = (
				en,
				Base,
				"zh-Hans",
			);
			mainGroup = 14D5E8DD254A589D0021FE3E;
			productRefGroup = 14D5E8E7254A589D0021FE3E /* Products */;
			projectDirPath = "";
			projectRoot = "";
			targets = (
				14D5E8E5254A589D0021FE3E /* Monotone */,
			);
		};
/* End PBXProject section */

/* Begin PBXResourcesBuildPhase section */
		14D5E8E4254A589D0021FE3E /* Resources */ = {
			isa = PBXResourcesBuildPhase;
			buildActionMask = 2147483647;
			files = (
				148FF23B255237A600CADB4C /* Localizable.strings in Resources */,
				14D5E8F3254A589E0021FE3E /* Assets.xcassets in Resources */,
				14D5E8F6254A589E0021FE3E /* LaunchScreen.storyboard in Resources */,
				14F37071254EA14B0086B8CC /* api_keys_sample.json in Resources */,
				14D5E8F1254A589D0021FE3E /* Main.storyboard in Resources */,
			);
			runOnlyForDeploymentPostprocessing = 0;
		};
/* End PBXResourcesBuildPhase section */

/* Begin PBXShellScriptBuildPhase section */
		14F36FB7254D5ECA0086B8CC /* ShellScript */ = {
			isa = PBXShellScriptBuildPhase;
			buildActionMask = 2147483647;
			files = (
			);
			inputFileListPaths = (
			);
			inputPaths = (
			);
			outputFileListPaths = (
			);
			outputPaths = (
			);
			runOnlyForDeploymentPostprocessing = 0;
			shellPath = /bin/sh;
			shellScript = "# Type a script or drag a script file from your workspace to insert its path.\n\n# Reveal Script\nREVEAL_APP_PATH=$(mdfind kMDItemCFBundleIdentifier=\"com.ittybittyapps.Reveal2\" | head -n 1)\nBUILD_SCRIPT_PATH=\"${REVEAL_APP_PATH}/Contents/SharedSupport/Scripts/reveal_server_build_phase.sh\"\nif [ \"${REVEAL_APP_PATH}\" -a -e \"${BUILD_SCRIPT_PATH}\" ]; then\n    \"${BUILD_SCRIPT_PATH}\"\nelse\n    echo \"Reveal Server not loaded: Cannot find a compatible Reveal app.\"\nfi\n\n# Copy API keys\n# cp ${PROJECT_DIR}/APIKeys/api_keys_debug.json ${BUILT_PRODUCTS_DIR}/${PRODUCT_NAME}.app\n\nCONFIG_FILE_BASE_NAME=\"api_keys\"\nCONFIG_FILE_NAME=${CONFIG_FILE_BASE_NAME}_debug.json\nCONFIG_FILE_PATH=${PROJECT_DIR}/$CONFIG_FILE_NAME\n\necho \"path is ${CONFIG_FILE_PATH}\"\n\nif [ -f \"${CONFIG_FILE_PATH}\" ]; then\n  cp -v \"${CONFIG_FILE_PATH}\" \"${BUILT_PRODUCTS_DIR}/${PRODUCT_NAME}.app\"\n  echo \"copy ${CONFIG_FILE_PATH} to ${BUILT_PRODUCTS_DIR}/${PRODUCT_NAME}.app.\"\nelse\n  echo \"${CONFIG_FILE_PATH} does not exist.\"\nfi\n";
		};
		CEDF1C8637EF40323ABEBFB4 /* [CP] Embed Pods Frameworks */ = {
			isa = PBXShellScriptBuildPhase;
			buildActionMask = 2147483647;
			files = (
			);
			inputFileListPaths = (
			);
			inputPaths = (
				"${PODS_ROOT}/Target Support Files/Pods-Monotone/Pods-Monotone-frameworks.sh",
				"${BUILT_PRODUCTS_DIR}/Action/Action.framework",
				"${BUILT_PRODUCTS_DIR}/Alamofire/Alamofire.framework",
				"${BUILT_PRODUCTS_DIR}/BEMCheckBox/BEMCheckBox.framework",
				"${BUILT_PRODUCTS_DIR}/HMSegmentedControl/HMSegmentedControl.framework",
				"${BUILT_PRODUCTS_DIR}/Hero/Hero.framework",
				"${BUILT_PRODUCTS_DIR}/Hue/Hue.framework",
				"${BUILT_PRODUCTS_DIR}/Kingfisher/Kingfisher.framework",
				"${BUILT_PRODUCTS_DIR}/MJRefresh/MJRefresh.framework",
				"${BUILT_PRODUCTS_DIR}/NVActivityIndicatorView/NVActivityIndicatorView.framework",
				"${BUILT_PRODUCTS_DIR}/ObjectMapper/ObjectMapper.framework",
				"${BUILT_PRODUCTS_DIR}/RxCocoa/RxCocoa.framework",
				"${BUILT_PRODUCTS_DIR}/RxRelay/RxRelay.framework",
				"${BUILT_PRODUCTS_DIR}/RxSwift/RxSwift.framework",
				"${BUILT_PRODUCTS_DIR}/RxSwiftExt/RxSwiftExt.framework",
				"${BUILT_PRODUCTS_DIR}/SnapKit/SnapKit.framework",
				"${BUILT_PRODUCTS_DIR}/SwiftMessages/SwiftMessages.framework",
				"${BUILT_PRODUCTS_DIR}/SwiftyJSON/SwiftyJSON.framework",
				"${BUILT_PRODUCTS_DIR}/ViewAnimator/ViewAnimator.framework",
				"${BUILT_PRODUCTS_DIR}/anim/anim.framework",
			);
			name = "[CP] Embed Pods Frameworks";
			outputFileListPaths = (
			);
			outputPaths = (
				"${TARGET_BUILD_DIR}/${FRAMEWORKS_FOLDER_PATH}/Action.framework",
				"${TARGET_BUILD_DIR}/${FRAMEWORKS_FOLDER_PATH}/Alamofire.framework",
				"${TARGET_BUILD_DIR}/${FRAMEWORKS_FOLDER_PATH}/BEMCheckBox.framework",
				"${TARGET_BUILD_DIR}/${FRAMEWORKS_FOLDER_PATH}/HMSegmentedControl.framework",
				"${TARGET_BUILD_DIR}/${FRAMEWORKS_FOLDER_PATH}/Hero.framework",
				"${TARGET_BUILD_DIR}/${FRAMEWORKS_FOLDER_PATH}/Hue.framework",
				"${TARGET_BUILD_DIR}/${FRAMEWORKS_FOLDER_PATH}/Kingfisher.framework",
				"${TARGET_BUILD_DIR}/${FRAMEWORKS_FOLDER_PATH}/MJRefresh.framework",
				"${TARGET_BUILD_DIR}/${FRAMEWORKS_FOLDER_PATH}/NVActivityIndicatorView.framework",
				"${TARGET_BUILD_DIR}/${FRAMEWORKS_FOLDER_PATH}/ObjectMapper.framework",
				"${TARGET_BUILD_DIR}/${FRAMEWORKS_FOLDER_PATH}/RxCocoa.framework",
				"${TARGET_BUILD_DIR}/${FRAMEWORKS_FOLDER_PATH}/RxRelay.framework",
				"${TARGET_BUILD_DIR}/${FRAMEWORKS_FOLDER_PATH}/RxSwift.framework",
				"${TARGET_BUILD_DIR}/${FRAMEWORKS_FOLDER_PATH}/RxSwiftExt.framework",
				"${TARGET_BUILD_DIR}/${FRAMEWORKS_FOLDER_PATH}/SnapKit.framework",
				"${TARGET_BUILD_DIR}/${FRAMEWORKS_FOLDER_PATH}/SwiftMessages.framework",
				"${TARGET_BUILD_DIR}/${FRAMEWORKS_FOLDER_PATH}/SwiftyJSON.framework",
				"${TARGET_BUILD_DIR}/${FRAMEWORKS_FOLDER_PATH}/ViewAnimator.framework",
				"${TARGET_BUILD_DIR}/${FRAMEWORKS_FOLDER_PATH}/anim.framework",
			);
			runOnlyForDeploymentPostprocessing = 0;
			shellPath = /bin/sh;
			shellScript = "\"${PODS_ROOT}/Target Support Files/Pods-Monotone/Pods-Monotone-frameworks.sh\"\n";
			showEnvVarsInLog = 0;
		};
		DA45827D7DD09A7C95FB551D /* [CP] Check Pods Manifest.lock */ = {
			isa = PBXShellScriptBuildPhase;
			buildActionMask = 2147483647;
			files = (
			);
			inputFileListPaths = (
			);
			inputPaths = (
				"${PODS_PODFILE_DIR_PATH}/Podfile.lock",
				"${PODS_ROOT}/Manifest.lock",
			);
			name = "[CP] Check Pods Manifest.lock";
			outputFileListPaths = (
			);
			outputPaths = (
				"$(DERIVED_FILE_DIR)/Pods-Monotone-checkManifestLockResult.txt",
			);
			runOnlyForDeploymentPostprocessing = 0;
			shellPath = /bin/sh;
			shellScript = "diff \"${PODS_PODFILE_DIR_PATH}/Podfile.lock\" \"${PODS_ROOT}/Manifest.lock\" > /dev/null\nif [ $? != 0 ] ; then\n    # print error to STDERR\n    echo \"error: The sandbox is not in sync with the Podfile.lock. Run 'pod install' or update your CocoaPods installation.\" >&2\n    exit 1\nfi\n# This output is used by Xcode 'outputs' to avoid re-running this script phase.\necho \"SUCCESS\" > \"${SCRIPT_OUTPUT_FILE_0}\"\n";
			showEnvVarsInLog = 0;
		};
/* End PBXShellScriptBuildPhase section */

/* Begin PBXSourcesBuildPhase section */
		14D5E8E2254A589D0021FE3E /* Sources */ = {
			isa = PBXSourcesBuildPhase;
			buildActionMask = 2147483647;
			files = (
				143F567B254FEF320038761D /* PhotoListJumbotronView.swift in Sources */,
				14FA70D92580F1D8004AFBE8 /* URL+Find.swift in Sources */,
				14621CB62587549D00446F5F /* RemoveFromCollectionResponse.swift in Sources */,
				14009CB2257762C600C70E6E /* HistoricalValue.swift in Sources */,
				149955B025948014008CBB21 /* ListUserLikedPhotosResponse.swift in Sources */,
				142BD867259897ED0097F5AC /* PhotoInfoViewController.swift in Sources */,
				1401547A25831BF600746563 /* CollectionService.swift in Sources */,
				1410491C255D3686003312BC /* SceneTransition.swift in Sources */,
				14D5E8EE254A589D0021FE3E /* LoginViewController.swift in Sources */,
				1423A4DD254BA121009DEEA1 /* BaseViewController.swift in Sources */,
				14014CEF2581BE1B00746563 /* AuthError.swift in Sources */,
				1483210B2588DFDE00097F85 /* LikePhotoRequest.swift in Sources */,
				14842D4D257DD3F200364FFF /* PhotoAddToCollectionViewModel.swift in Sources */,
				1401547E25831ED900746563 /* CreateCollectionRequest.swift in Sources */,
				14071AFB2564CB2100D418C8 /* PreviewPhoto.swift in Sources */,
				149CA590258CAA3200C5B322 /* SideMenuOptionView.swift in Sources */,
				14F016B32567981400F60C99 /* RxSwift+Opeartors.swift in Sources */,
				14DE10AE2592D9C700503FB0 /* UserManager.swift in Sources */,
				14071B182565FD1C00D418C8 /* PhotoListViewModel.swift in Sources */,
				14BA300A258CCC6200215F03 /* SideMenuViewController.swift in Sources */,
				14009CA525775E6D00C70E6E /* StatistizePhotoRequest.swift in Sources */,
				14104916255D34AE003312BC /* PhotoDetailsViewController.swift in Sources */,
				14E3ACCF257383F4000297CF /* CapsuleButton.swift in Sources */,
				14109A9D25620B150094BDA7 /* MTTextField.swift in Sources */,
				14E30479259B1E04006BDBDB /* ListUserPhotosRequest.swift in Sources */,
				14009CB6257775F800C70E6E /* Statistics.swift in Sources */,
				149EE5EB25906817000230CD /* PhotoVars.swift in Sources */,
				1406EADF257A5B9F0096DE82 /* PhotoAddToCollectionViewController.swift in Sources */,
				14E3ACD325738413000297CF /* BaseButton.swift in Sources */,
				143114DF255AA6D400991676 /* ListPhotosRequest.swift in Sources */,
				14009C75257607C300C70E6E /* PageTitleView.swift in Sources */,
				14071B1425654AF500D418C8 /* Position.swift in Sources */,
				14BA29A0258CB61000215F03 /* SideMenuOptionTableViewCell.swift in Sources */,
				143114D8255A79D000991676 /* URLs.swift in Sources */,
				14FD9B4F257F17B100DEC579 /* LoginViewModel.swift in Sources */,
				14F3707D254EABDA0086B8CC /* BaseResponse.swift in Sources */,
				14FA60832580B2B7004AFBE8 /* AuthArguments.swift in Sources */,
				143114CC255A794600991676 /* Links.swift in Sources */,
				14FA648E2580C1D7004AFBE8 /* URLScheme.swift in Sources */,
				148ED1E925591DBF0000146E /* PhotoCollectionViewCell.swift in Sources */,
				14FD9B61257F32CF00DEC579 /* AuthManager.swift in Sources */,
				14BE9CF1256BAA8500B0DB39 /* PhotoDetailsOperationView.swift in Sources */,
				14FA60802580AE74004AFBE8 /* AppCredential.swift in Sources */,
				14E59E312556A0E200F1FB60 /* NetworkService.swift in Sources */,
				14E30474259AFBB0006BDBDB /* MyPhotosViewModel.swift in Sources */,
				148321262588E04700097F85 /* UnlikePhotoResponse.swift in Sources */,
				148321232588E01B00097F85 /* LikePhotoResponse.swift in Sources */,
				14BE9A01256A637C00B0DB39 /* GetTopicPhotosResponse.swift in Sources */,
				14009CAC2577625000C70E6E /* StatisticsIndicator.swift in Sources */,
				140158FE258388EF00746563 /* MessageCenter.swift in Sources */,
				143FB13F255B859F00D24248 /* ListPhotosResponse.swift in Sources */,
				1441D8092591C319000D49D1 /* GetMineProfileResponse.swift in Sources */,
				149C9DC5258C3F1400C5B322 /* SideMenuProfileView.swift in Sources */,
				1406E9F1257A11A20096DE82 /* PhotoShareViewModel.swift in Sources */,
				14842C6C257DD00300364FFF /* ListUserCollectionsRequest.swift in Sources */,
				1406E9E5257A04370096DE82 /* CALayer+SketchShadow.swift in Sources */,
				14009C7A257610E000C70E6E /* PhotoInfoStatisticsView.swift in Sources */,
				14104925255D49A5003312BC /* MTNavigationController.swift in Sources */,
				14FD83CA2567F7CD00D5B575 /* BlurHashDecode.swift in Sources */,
				14842C69257DCF7C00364FFF /* UserService.swift in Sources */,
				1409A7972550EAAB0005B702 /* BaseView.swift in Sources */,
				1433B8E32561190100FE9B1D /* PhotoListHeaderView.swift in Sources */,
				14F9936125709E9600BF2D57 /* PhotoZoomableScrollView.swift in Sources */,
				1441D8042591C2A7000D49D1 /* GetMineProfileRequest.swift in Sources */,
				14842D51257DF5E900364FFF /* UIView+Border.swift in Sources */,
				149325052585FB34006EB8E3 /* AddToCollectionRequest.swift in Sources */,
				14D7DBD12599A3D4001BF0CB /* BaseTabBarController.swift in Sources */,
				14009AFC2575D69200C70E6E /* HomeViewController.swift in Sources */,
				14FD83CB2567F7CD00D5B575 /* BlurHashEncode.swift in Sources */,
				1428403A2564BBB1004C06DF /* ListTopicsResponse.swift in Sources */,
				14E3047C259B2100006BDBDB /* ListUserPhotosResponse.swift in Sources */,
				1499575525949F4A008CBB21 /* SideMenuProfileLikeView.swift in Sources */,
				1401548125831FEA00746563 /* CreateCollectionResponse.swift in Sources */,
				149CA133258C582800C5B322 /* SideMenuProfileCollectionView.swift in Sources */,
				14E59DCD2556716400F1FB60 /* BaseViewModel.swift in Sources */,
				14E59E462557C5F700F1FB60 /* SearchPhotosResponse.swift in Sources */,
				14E3046D259AFB5C006BDBDB /* MyPhotosViewController.swift in Sources */,
				14071B0E256549F000D418C8 /* Exif.swift in Sources */,
				148321292588E06000097F85 /* UnlikePhotoRequest.swift in Sources */,
				1428403E2564BC56004C06DF /* Topic.swift in Sources */,
				1406E9E8257A04EF0096DE82 /* PhotoShareViewController.swift in Sources */,
				1406EAF2257A5C640096DE82 /* AddToCollectionTableViewCell.swift in Sources */,
				14FD9C59257F7AE800DEC579 /* AppManager.swift in Sources */,
				142840342564BA2E004C06DF /* TopicService.swift in Sources */,
				1420B2B5258B916C0095FD2E /* Sponsorship.swift in Sources */,
				143114C1255A788D00991676 /* SearchPhotosViewModel.swift in Sources */,
				14FD9B65257F345800DEC579 /* AuthService.swift in Sources */,
				14009B032575D86700C70E6E /* PhotoInfoCameraSettingsView.swift in Sources */,
				14FD9B68257F4E0C00DEC579 /* String+Split.swift in Sources */,
				1406E9EE257A0E050096DE82 /* PhotoShareUrlView.swift in Sources */,
				14E59E492557CA6A00F1FB60 /* Photo.swift in Sources */,
				1420AC16258B3D2C0095FD2E /* SceneCoordinator+Factory.swift in Sources */,
				14D5E8EA254A589D0021FE3E /* AppDelegate.swift in Sources */,
				14E59E912557FC5000F1FB60 /* NetworkError.swift in Sources */,
				14F36F91254D3AB80086B8CC /* ColorPalette.swift in Sources */,
				14009C712575E7E100C70E6E /* PhotoInfoViewModel.swift in Sources */,
				14842E35257E0F6300364FFF /* PhotoCreateCollectionViewModel.swift in Sources */,
				1433B8E92561270700FE9B1D /* InterfaceGlobalVars.swift in Sources */,
				149EE5F425906C13000230CD /* SideMenuViewModel.swift in Sources */,
				14621CB32587546A00446F5F /* RemoveFromCollectionRequest.swift in Sources */,
				142BCC982566374C00B7FB06 /* Array+Find.swift in Sources */,
				14956D32255CC72B0057A4A6 /* SceneCoordinator.swift in Sources */,
				14CB252F2580687700741537 /* LoginViewControllerV2.swift in Sources */,
				143F5678254FEA040038761D /* PhotoListViewController.swift in Sources */,
				1406E9EB257A05CF0096DE82 /* PhotoShareSMView.swift in Sources */,
				14F36FB0254D53940086B8CC /* NetworkManager.swift in Sources */,
				140912FC2571333800EEC157 /* BaseScrollView.swift in Sources */,
				14842E32257E003100364FFF /* PhotoCreateCollectionViewController.swift in Sources */,
				14D7DBCD2599A39B001BF0CB /* MTTabBarController.swift in Sources */,
				14071B1125654A4900D418C8 /* Location.swift in Sources */,
				14BE99FE256A623400B0DB39 /* GetTopicPhotosRequest.swift in Sources */,
				14F3707A254EA9300086B8CC /* BaseRequest.swift in Sources */,
				14009CA92577604B00C70E6E /* StatisticizePhotoResponse.swift in Sources */,
				14842C75257DD1A200364FFF /* Collection.swift in Sources */,
				1406E9E2257A02530096DE82 /* FloatBlockButton.swift in Sources */,
				14FD9C53257F75CC00DEC579 /* BaseService.swift in Sources */,
				143114D1255A797A00991676 /* ProfileImage.swift in Sources */,
				14104920255D4944003312BC /* BaseNavigationController.swift in Sources */,
				149EE5F0259068C2000230CD /* PageVars.swift in Sources */,
				14E59E2E2556A0CA00F1FB60 /* PhotoService.swift in Sources */,
				149325082585FC20006EB8E3 /* AddToCollectionResponse.swift in Sources */,
				14842C70257DD08100364FFF /* ListUserCollectionsResponse.swift in Sources */,
				14F37083254ED2F60086B8CC /* SearchPhotosRequest.swift in Sources */,
				1420B298258B72420095FD2E /* UIImage+Reformat.swift in Sources */,
				14009CAF2577629500C70E6E /* Historical.swift in Sources */,
				141591D0255E53FE00179ED5 /* BaseCoordinator.swift in Sources */,
				14014DEE2581C46300746563 /* AuthCredential.swift in Sources */,
				143114D5255A799A00991676 /* User.swift in Sources */,
				1420B2B0258B7F4C0095FD2E /* CapsuleView.swift in Sources */,
				149955AA25947F59008CBB21 /* ListUserLikedPhotosRequest.swift in Sources */,
				14BE9F8D256BD8CC00B0DB39 /* PhotoDetailsViewModel.swift in Sources */,
				142840372564BACE004C06DF /* ListTopicsRequest.swift in Sources */,
			);
			runOnlyForDeploymentPostprocessing = 0;
		};
/* End PBXSourcesBuildPhase section */

/* Begin PBXVariantGroup section */
		148FF23D255237A600CADB4C /* Localizable.strings */ = {
			isa = PBXVariantGroup;
			children = (
				148FF23C255237A600CADB4C /* en */,
				148FF23F255237B000CADB4C /* zh-Hans */,
			);
			name = Localizable.strings;
			sourceTree = "<group>";
		};
		14D5E8EF254A589D0021FE3E /* Main.storyboard */ = {
			isa = PBXVariantGroup;
			children = (
				14D5E8F0254A589D0021FE3E /* Base */,
				148FF2352552366500CADB4C /* zh-Hans */,
				148FF243255237F600CADB4C /* en */,
			);
			name = Main.storyboard;
			sourceTree = "<group>";
		};
		14D5E8F4254A589E0021FE3E /* LaunchScreen.storyboard */ = {
			isa = PBXVariantGroup;
			children = (
				14D5E8F5254A589E0021FE3E /* Base */,
				148FF2362552366500CADB4C /* zh-Hans */,
				148FF241255237EA00CADB4C /* en */,
			);
			name = LaunchScreen.storyboard;
			sourceTree = "<group>";
		};
/* End PBXVariantGroup section */

/* Begin XCBuildConfiguration section */
		14D5E8F8254A589E0021FE3E /* Debug */ = {
			isa = XCBuildConfiguration;
			buildSettings = {
				ALWAYS_SEARCH_USER_PATHS = NO;
				CLANG_ANALYZER_LOCALIZABILITY_NONLOCALIZED = YES;
				CLANG_ANALYZER_NONNULL = YES;
				CLANG_ANALYZER_NUMBER_OBJECT_CONVERSION = YES_AGGRESSIVE;
				CLANG_CXX_LANGUAGE_STANDARD = "gnu++14";
				CLANG_CXX_LIBRARY = "libc++";
				CLANG_ENABLE_MODULES = YES;
				CLANG_ENABLE_OBJC_ARC = YES;
				CLANG_ENABLE_OBJC_WEAK = YES;
				CLANG_WARN_BLOCK_CAPTURE_AUTORELEASING = YES;
				CLANG_WARN_BOOL_CONVERSION = YES;
				CLANG_WARN_COMMA = YES;
				CLANG_WARN_CONSTANT_CONVERSION = YES;
				CLANG_WARN_DEPRECATED_OBJC_IMPLEMENTATIONS = YES;
				CLANG_WARN_DIRECT_OBJC_ISA_USAGE = YES_ERROR;
				CLANG_WARN_DOCUMENTATION_COMMENTS = YES;
				CLANG_WARN_EMPTY_BODY = YES;
				CLANG_WARN_ENUM_CONVERSION = YES;
				CLANG_WARN_INFINITE_RECURSION = YES;
				CLANG_WARN_INT_CONVERSION = YES;
				CLANG_WARN_NON_LITERAL_NULL_CONVERSION = YES;
				CLANG_WARN_OBJC_IMPLICIT_RETAIN_SELF = YES;
				CLANG_WARN_OBJC_LITERAL_CONVERSION = YES;
				CLANG_WARN_OBJC_ROOT_CLASS = YES_ERROR;
				CLANG_WARN_QUOTED_INCLUDE_IN_FRAMEWORK_HEADER = YES;
				CLANG_WARN_RANGE_LOOP_ANALYSIS = YES;
				CLANG_WARN_STRICT_PROTOTYPES = YES;
				CLANG_WARN_SUSPICIOUS_MOVE = YES;
				CLANG_WARN_UNGUARDED_AVAILABILITY = YES_AGGRESSIVE;
				CLANG_WARN_UNREACHABLE_CODE = YES;
				CLANG_WARN__DUPLICATE_METHOD_MATCH = YES;
				COPY_PHASE_STRIP = NO;
				DEBUG_INFORMATION_FORMAT = dwarf;
				ENABLE_STRICT_OBJC_MSGSEND = YES;
				ENABLE_TESTABILITY = YES;
				GCC_C_LANGUAGE_STANDARD = gnu11;
				GCC_DYNAMIC_NO_PIC = NO;
				GCC_NO_COMMON_BLOCKS = YES;
				GCC_OPTIMIZATION_LEVEL = 0;
				GCC_PREPROCESSOR_DEFINITIONS = (
					"DEBUG=1",
					"$(inherited)",
				);
				GCC_WARN_64_TO_32_BIT_CONVERSION = YES;
				GCC_WARN_ABOUT_RETURN_TYPE = YES_ERROR;
				GCC_WARN_UNDECLARED_SELECTOR = YES;
				GCC_WARN_UNINITIALIZED_AUTOS = YES_AGGRESSIVE;
				GCC_WARN_UNUSED_FUNCTION = YES;
				GCC_WARN_UNUSED_VARIABLE = YES;
				IPHONEOS_DEPLOYMENT_TARGET = 14.0;
				MTL_ENABLE_DEBUG_INFO = INCLUDE_SOURCE;
				MTL_FAST_MATH = YES;
				ONLY_ACTIVE_ARCH = YES;
				SDKROOT = iphoneos;
				SWIFT_ACTIVE_COMPILATION_CONDITIONS = DEBUG;
				SWIFT_OPTIMIZATION_LEVEL = "-Onone";
			};
			name = Debug;
		};
		14D5E8F9254A589E0021FE3E /* Release */ = {
			isa = XCBuildConfiguration;
			buildSettings = {
				ALWAYS_SEARCH_USER_PATHS = NO;
				CLANG_ANALYZER_LOCALIZABILITY_NONLOCALIZED = YES;
				CLANG_ANALYZER_NONNULL = YES;
				CLANG_ANALYZER_NUMBER_OBJECT_CONVERSION = YES_AGGRESSIVE;
				CLANG_CXX_LANGUAGE_STANDARD = "gnu++14";
				CLANG_CXX_LIBRARY = "libc++";
				CLANG_ENABLE_MODULES = YES;
				CLANG_ENABLE_OBJC_ARC = YES;
				CLANG_ENABLE_OBJC_WEAK = YES;
				CLANG_WARN_BLOCK_CAPTURE_AUTORELEASING = YES;
				CLANG_WARN_BOOL_CONVERSION = YES;
				CLANG_WARN_COMMA = YES;
				CLANG_WARN_CONSTANT_CONVERSION = YES;
				CLANG_WARN_DEPRECATED_OBJC_IMPLEMENTATIONS = YES;
				CLANG_WARN_DIRECT_OBJC_ISA_USAGE = YES_ERROR;
				CLANG_WARN_DOCUMENTATION_COMMENTS = YES;
				CLANG_WARN_EMPTY_BODY = YES;
				CLANG_WARN_ENUM_CONVERSION = YES;
				CLANG_WARN_INFINITE_RECURSION = YES;
				CLANG_WARN_INT_CONVERSION = YES;
				CLANG_WARN_NON_LITERAL_NULL_CONVERSION = YES;
				CLANG_WARN_OBJC_IMPLICIT_RETAIN_SELF = YES;
				CLANG_WARN_OBJC_LITERAL_CONVERSION = YES;
				CLANG_WARN_OBJC_ROOT_CLASS = YES_ERROR;
				CLANG_WARN_QUOTED_INCLUDE_IN_FRAMEWORK_HEADER = YES;
				CLANG_WARN_RANGE_LOOP_ANALYSIS = YES;
				CLANG_WARN_STRICT_PROTOTYPES = YES;
				CLANG_WARN_SUSPICIOUS_MOVE = YES;
				CLANG_WARN_UNGUARDED_AVAILABILITY = YES_AGGRESSIVE;
				CLANG_WARN_UNREACHABLE_CODE = YES;
				CLANG_WARN__DUPLICATE_METHOD_MATCH = YES;
				COPY_PHASE_STRIP = NO;
				DEBUG_INFORMATION_FORMAT = "dwarf-with-dsym";
				ENABLE_NS_ASSERTIONS = NO;
				ENABLE_STRICT_OBJC_MSGSEND = YES;
				GCC_C_LANGUAGE_STANDARD = gnu11;
				GCC_NO_COMMON_BLOCKS = YES;
				GCC_WARN_64_TO_32_BIT_CONVERSION = YES;
				GCC_WARN_ABOUT_RETURN_TYPE = YES_ERROR;
				GCC_WARN_UNDECLARED_SELECTOR = YES;
				GCC_WARN_UNINITIALIZED_AUTOS = YES_AGGRESSIVE;
				GCC_WARN_UNUSED_FUNCTION = YES;
				GCC_WARN_UNUSED_VARIABLE = YES;
				IPHONEOS_DEPLOYMENT_TARGET = 14.0;
				MTL_ENABLE_DEBUG_INFO = NO;
				MTL_FAST_MATH = YES;
				SDKROOT = iphoneos;
				SWIFT_COMPILATION_MODE = wholemodule;
				SWIFT_OPTIMIZATION_LEVEL = "-O";
				VALIDATE_PRODUCT = YES;
			};
			name = Release;
		};
		14D5E8FB254A589E0021FE3E /* Debug */ = {
			isa = XCBuildConfiguration;
			baseConfigurationReference = 0DE40B09FB07DB642D48B327 /* Pods-Monotone.debug.xcconfig */;
			buildSettings = {
				ASSETCATALOG_COMPILER_APPICON_NAME = AppIcon;
				ASSETCATALOG_COMPILER_GLOBAL_ACCENT_COLOR_NAME = AccentColor;
				CODE_SIGN_STYLE = Automatic;
				DEVELOPMENT_TEAM = J25N7959VU;
				INFOPLIST_FILE = Monotone/Info.plist;
				LD_RUNPATH_SEARCH_PATHS = (
					"$(inherited)",
					"@executable_path/Frameworks",
				);
				PRODUCT_BUNDLE_IDENTIFIER = com.chienerrant.Monotone;
				PRODUCT_NAME = "$(TARGET_NAME)";
				SWIFT_VERSION = 5.0;
				TARGETED_DEVICE_FAMILY = "1,2";
			};
			name = Debug;
		};
		14D5E8FC254A589E0021FE3E /* Release */ = {
			isa = XCBuildConfiguration;
			baseConfigurationReference = A1AF9737896258A142CECD23 /* Pods-Monotone.release.xcconfig */;
			buildSettings = {
				ASSETCATALOG_COMPILER_APPICON_NAME = AppIcon;
				ASSETCATALOG_COMPILER_GLOBAL_ACCENT_COLOR_NAME = AccentColor;
				CODE_SIGN_STYLE = Automatic;
				DEVELOPMENT_TEAM = J25N7959VU;
				INFOPLIST_FILE = Monotone/Info.plist;
				LD_RUNPATH_SEARCH_PATHS = (
					"$(inherited)",
					"@executable_path/Frameworks",
				);
				PRODUCT_BUNDLE_IDENTIFIER = com.chienerrant.Monotone;
				PRODUCT_NAME = "$(TARGET_NAME)";
				SWIFT_VERSION = 5.0;
				TARGETED_DEVICE_FAMILY = "1,2";
			};
			name = Release;
		};
/* End XCBuildConfiguration section */

/* Begin XCConfigurationList section */
		14D5E8E1254A589D0021FE3E /* Build configuration list for PBXProject "Monotone" */ = {
			isa = XCConfigurationList;
			buildConfigurations = (
				14D5E8F8254A589E0021FE3E /* Debug */,
				14D5E8F9254A589E0021FE3E /* Release */,
			);
			defaultConfigurationIsVisible = 0;
			defaultConfigurationName = Release;
		};
		14D5E8FA254A589E0021FE3E /* Build configuration list for PBXNativeTarget "Monotone" */ = {
			isa = XCConfigurationList;
			buildConfigurations = (
				14D5E8FB254A589E0021FE3E /* Debug */,
				14D5E8FC254A589E0021FE3E /* Release */,
			);
			defaultConfigurationIsVisible = 0;
			defaultConfigurationName = Release;
		};
/* End XCConfigurationList section */
	};
	rootObject = 14D5E8DE254A589D0021FE3E /* Project object */;
}
